{
	"name": "babel-preset-solid",
	"version": "0.16.7",
	"lockfileVersion": 1,
	"requires": true,
	"dependencies": {
		"@babel/helper-module-imports": {
			"version": "7.8.3",
			"resolved": "https://registry.npmjs.org/@babel/helper-module-imports/-/helper-module-imports-7.8.3.tgz",
			"integrity": "sha512-R0Bx3jippsbAEtzkpZ/6FIiuzOURPcMjHp+Z6xPe6DtApDJx+w7UYyOLanZqO8+wKR9G10s/FmHXvxaMd9s6Kg==",
			"requires": {
				"@babel/types": "^7.8.3"
			}
		},
		"@babel/helper-plugin-utils": {
			"version": "7.8.3",
			"resolved": "https://registry.npmjs.org/@babel/helper-plugin-utils/-/helper-plugin-utils-7.8.3.tgz",
			"integrity": "sha512-j+fq49Xds2smCUNYmEHF9kGNkhbet6yVIBp4e6oeQpH1RUs/Ir06xUKzDjDkGcaaokPiTNs2JBWHjaE4csUkZQ=="
		},
		"@babel/plugin-syntax-jsx": {
			"version": "7.8.3",
			"resolved": "https://registry.npmjs.org/@babel/plugin-syntax-jsx/-/plugin-syntax-jsx-7.8.3.tgz",
			"integrity": "sha512-WxdW9xyLgBdefoo0Ynn3MRSkhe5tFVxxKNVdnZSh318WrG2e2jH+E9wd/++JsqcLJZPfz87njQJ8j2Upjm0M0A==",
			"requires": {
				"@babel/helper-plugin-utils": "^7.8.3"
			}
		},
		"@babel/types": {
			"version": "7.8.3",
			"resolved": "https://registry.npmjs.org/@babel/types/-/types-7.8.3.tgz",
			"integrity": "sha512-jBD+G8+LWpMBBWvVcdr4QysjUE4mU/syrhN17o1u3gx0/WzJB1kwiVZAXRtWbsIPOwW8pF/YJV5+nmetPzepXg==",
			"requires": {
				"esutils": "^2.0.2",
				"lodash": "^4.17.13",
				"to-fast-properties": "^2.0.0"
			}
		},
		"babel-plugin-jsx-dom-expressions": {
			"version": "0.16.0",
			"resolved": "https://registry.npmjs.org/babel-plugin-jsx-dom-expressions/-/babel-plugin-jsx-dom-expressions-0.16.0.tgz",
			"integrity": "sha512-wEazEuQGtDT0sUsAFvSfNX/dqwS8TBLsech7dBYRDqDaL4afM5X1LmGsW5D6xd6CpNc//T/uX/1TPkmX4ClWVQ==",
			"requires": {
				"@babel/helper-module-imports": "^7.8.3",
				"@babel/plugin-syntax-jsx": "^7.8.3"
			}
		},
		"esutils": {
			"version": "2.0.3",
			"resolved": "https://registry.npmjs.org/esutils/-/esutils-2.0.3.tgz",
			"integrity": "sha512-kVscqXk4OCp68SZ0dkgEKVi6/8ij300KBWTJq32P/dYeWTSwK41WyTxalN1eRmA5Z9UU/LX9D7FWSmV9SAYx6g=="
		},
		"lodash": {
			"version": "4.17.15",
			"resolved": "https://registry.npmjs.org/lodash/-/lodash-4.17.15.tgz",
			"integrity": "sha512-8xOcRHvCjnocdS5cpwXQXVzmmh5e5+saE2QGoeQmbKmRS6J3VQppPOIt0MnmE+4xlZoumy0GPG0D0MVIQbNA1A=="
		},
		"to-fast-properties": {
			"version": "2.0.0",
			"resolved": "https://registry.npmjs.org/to-fast-properties/-/to-fast-properties-2.0.0.tgz",
			"integrity": "sha1-3F5pjL0HkmW8c+A3doGk5Og/YW4="
		}
	}
}
