{
	"name": "solid-element",
	"version": "0.16.12",
	"lockfileVersion": 1,
	"requires": true,
	"dependencies": {
		"component-register": {
			"version": "0.6.18",
			"resolved": "https://registry.npmjs.org/component-register/-/component-register-0.6.18.tgz",
			"integrity": "sha512-aAiGr0K+JeZInuv5zRFcIMXXVXkGNDDo6QtV3cB9QVSRemppfvN6r6BBe0G3ZzbeR7m4jhiyDpZ2C/45QbyjPA=="
		}
	}
}
