{
  "name": "solid-js",
  "version": "0.0.9",
  "lockfileVersion": 1,
  "requires": true,
  "dependencies": {
    "@babel/helper-plugin-utils": {
      "version": "7.0.0-beta.49",
      "resolved": "https://registry.npmjs.org/@babel/helper-plugin-utils/-/helper-plugin-utils-7.0.0-beta.49.tgz",
      "integrity": "sha1-Dp/LuDT4eLs2XSqOqQ7uIbo8zSM="
    },
    "@babel/plugin-syntax-jsx": {
      "version": "7.0.0-beta.49",
      "resolved": "https://registry.npmjs.org/@babel/plugin-syntax-jsx/-/plugin-syntax-jsx-7.0.0-beta.49.tgz",
      "integrity": "sha1-FbgyUEtJ8Rb5xITo5ApeF8VC7RM=",
      "requires": {
        "@babel/helper-plugin-utils": "7.0.0-beta.49"
      }
    },
    "@types/estree": {
      "version": "0.0.38",
      "resolved": "https://registry.npmjs.org/@types/estree/-/estree-0.0.38.tgz",
      "integrity": "sha512-F/v7t1LwS4vnXuPooJQGBRKRGIoxWUTmA4VHfqjOccFsNDThD5bfUNpITive6s352O7o384wcpEaDV8rHCehDA==",
      "dev": true
    },
    "@types/node": {
      "version": "10.1.2",
      "resolved": "https://registry.npmjs.org/@types/node/-/node-10.1.2.tgz",
      "integrity": "sha512-bjk1RIeZBCe/WukrFToIVegOf91Pebr8cXYBwLBIsfiGWVQ+ifwWsT59H3RxrWzWrzd1l/Amk1/ioY5Fq3/bpA==",
      "dev": true
    },
    "babel-plugin-jsx-dom-expressions": {
      "version": "0.0.18",
      "resolved": "https://registry.npmjs.org/babel-plugin-jsx-dom-expressions/-/babel-plugin-jsx-dom-expressions-0.0.18.tgz",
      "integrity": "sha512-Oeb9K9U8uOmzad7YJdQZMJg1odTmq7GWeg4Bht84NLIJUku0GMviYKXQk90uUDFN3iwMXphQEXXoGIog71GC8g==",
      "requires": {
        "@babel/plugin-syntax-jsx": "7.0.0-beta.49"
      }
    },
    "builtin-modules": {
      "version": "2.0.0",
      "resolved": "https://registry.npmjs.org/builtin-modules/-/builtin-modules-2.0.0.tgz",
      "integrity": "sha512-3U5kUA5VPsRUA3nofm/BXX7GVHKfxz0hOBAPxXrIvHzlDRkQVqEn6yi8QJegxl4LzOHLdvb7XF5dVawa/VVYBg==",
      "dev": true
    },
    "coffeescript": {
      "version": "2.2.3",
      "resolved": "https://registry.npmjs.org/coffeescript/-/coffeescript-2.2.3.tgz",
      "integrity": "sha512-J+qHBN+ltCtOsWcA4X7jDRgUf+e3HHIicGhMG7pCVe3/gv/rt/OhjAaTVvfg+Mkj8wf4oADZmw97RnyhzOk0cA==",
      "dev": true
    },
    "is-module": {
      "version": "1.0.0",
      "resolved": "https://registry.npmjs.org/is-module/-/is-module-1.0.0.tgz",
      "integrity": "sha1-Mlj7afeMFNW4FdZkM2tM/7ZEFZE=",
      "dev": true
    },
    "path-parse": {
      "version": "1.0.5",
      "resolved": "https://registry.npmjs.org/path-parse/-/path-parse-1.0.5.tgz",
      "integrity": "sha1-PBrfhx6pzWyUMbbqK9dKD/BVxME=",
      "dev": true
    },
    "resolve": {
      "version": "1.7.1",
      "resolved": "https://registry.npmjs.org/resolve/-/resolve-1.7.1.tgz",
      "integrity": "sha512-c7rwLofp8g1U+h1KNyHL/jicrKg1Ek4q+Lr33AL65uZTinUZHe30D5HlyN5V9NW0JX1D5dXQ4jqW5l7Sy/kGfw==",
      "dev": true,
      "requires": {
        "path-parse": "1.0.5"
      }
    },
    "rollup": {
      "version": "0.58.2",
      "resolved": "https://registry.npmjs.org/rollup/-/rollup-0.58.2.tgz",
      "integrity": "sha512-RZVvCWm9BHOYloaE6LLiE/ibpjv1CmI8F8k0B0Cp+q1eezo3cswszJH1DN0djgzSlo0hjuuCmyeI+1XOYLl4wg==",
      "dev": true,
      "requires": {
        "@types/estree": "0.0.38",
        "@types/node": "10.1.2"
      }
    },
    "rollup-plugin-coffee2": {
      "version": "0.1.15",
      "resolved": "https://registry.npmjs.org/rollup-plugin-coffee2/-/rollup-plugin-coffee2-0.1.15.tgz",
      "integrity": "sha512-rvx5B7UxuQ85SiWV5PYWn53cd+OujGjKQw6O6zNexCUJHOAEAB9UVnjTtbBy54anUdiLoQChKyP8NN1Vu1/3AA==",
      "dev": true
    },
    "rollup-plugin-node-resolve": {
      "version": "3.3.0",
      "resolved": "https://registry.npmjs.org/rollup-plugin-node-resolve/-/rollup-plugin-node-resolve-3.3.0.tgz",
      "integrity": "sha512-9zHGr3oUJq6G+X0oRMYlzid9fXicBdiydhwGChdyeNRGPcN/majtegApRKHLR5drboUvEWU+QeUmGTyEZQs3WA==",
      "dev": true,
      "requires": {
        "builtin-modules": "2.0.0",
        "is-module": "1.0.0",
        "resolve": "1.7.1"
      }
    },
    "symbol-observable": {
      "version": "1.2.0",
      "resolved": "https://registry.npmjs.org/symbol-observable/-/symbol-observable-1.2.0.tgz",
      "integrity": "sha512-e900nM8RRtGhlV36KGEU9k65K3mPb1WV70OdjfxlG2EAuM1noi/E/BaW/uMhL7bPEssK8QV57vN3esixjUvcXQ=="
    }
  }
}
