{
  "name": "test-imports",
  "requires": true,
  "lockfileVersion": 1,
  "dependencies": {
    "solid-js": {
      "version": "file:../packages/solid",
      "dependencies": {
        "babel-plugin-jsx-dom-expressions": {
          "version": ""
        },
        "dom-expressions": {
          "version": ""
        },
        "hyper-dom-expressions": {
          "version": ""
        },
        "lit-dom-expressions": {
          "version": ""
        },
        "solid-js": {
          "version": "0.24.3"
        }
      }
    }
  },
  "version": "1.0.6"
}
