{
	"name": "solid-ssr-env",
	"version": "0.0.1",
	"lockfileVersion": 1,
	"requires": true,
	"dependencies": {
		"@babel/code-frame": {
			"version": "7.8.3",
			"resolved": "https://registry.npmjs.org/@babel/code-frame/-/code-frame-7.8.3.tgz",
			"integrity": "sha512-a9gxpmdXtZEInkCSHUJDLHZVBgb1QS0jhss4cPP93EW7s+uC5bikET2twEF3KV+7rDblJcmNvTR7VJejqd2C2g==",
			"requires": {
				"@babel/highlight": "^7.8.3"
			}
		},
		"@babel/highlight": {
			"version": "7.8.3",
			"resolved": "https://registry.npmjs.org/@babel/highlight/-/highlight-7.8.3.tgz",
			"integrity": "sha512-PX4y5xQUvy0fnEVHrYOarRPXVWafSjTW9T0Hab8gVIawpl2Sj0ORyrygANq+KjcNlSSTw0YCLSNA8OyZ1I4yEg==",
			"requires": {
				"chalk": "^2.0.0",
				"esutils": "^2.0.2",
				"js-tokens": "^4.0.0"
			}
		},
		"@webreflection/interface": {
			"version": "0.1.1",
			"resolved": "https://registry.npmjs.org/@webreflection/interface/-/interface-0.1.1.tgz",
			"integrity": "sha1-ryqR2vOBeWVgcqb5Lp+SEWWPhWY="
		},
		"abbrev": {
			"version": "1.1.1",
			"resolved": "https://registry.npmjs.org/abbrev/-/abbrev-1.1.1.tgz",
			"integrity": "sha512-nne9/IiQ/hzIhY6pdDnbBtz7DjPTKrY00P/zvPSm5pOFkl6xuGrGnXn/VtTNNfNtAfZ9/1RtehkszU9qcTii0Q==",
			"optional": true
		},
		"ansi-regex": {
			"version": "2.1.1",
			"resolved": "https://registry.npmjs.org/ansi-regex/-/ansi-regex-2.1.1.tgz",
			"integrity": "sha1-w7M6te42DYbg5ijwRorn7yfWVN8=",
			"optional": true
		},
		"ansi-styles": {
			"version": "3.2.1",
			"resolved": "https://registry.npmjs.org/ansi-styles/-/ansi-styles-3.2.1.tgz",
			"integrity": "sha512-VT0ZI6kZRdTh8YyJw3SMbYm/u+NqfsAxEpWO0Pf9sq8/e94WxxOpPKx9FR1FlyCtOVDNOQ+8ntlqFxiRc+r5qA==",
			"requires": {
				"color-convert": "^1.9.0"
			}
		},
		"aproba": {
			"version": "1.2.0",
			"resolved": "https://registry.npmjs.org/aproba/-/aproba-1.2.0.tgz",
			"integrity": "sha512-Y9J6ZjXtoYh8RnXVCMOU/ttDmk1aBjunq9vO0ta5x85WDQiQfUF9sIPBITdbiiIVcBo03Hi3jMxigBtsddlXRw==",
			"optional": true
		},
		"are-we-there-yet": {
			"version": "1.1.5",
			"resolved": "https://registry.npmjs.org/are-we-there-yet/-/are-we-there-yet-1.1.5.tgz",
			"integrity": "sha512-5hYdAkZlcG8tOLujVDTgCT+uPX0VnpAH28gWsLfzpXYm7wP6mp5Q/gYyR7YQ0cKVJcXJnl3j2kpBan13PtQf6w==",
			"optional": true,
			"requires": {
				"delegates": "^1.0.0",
				"readable-stream": "^2.0.6"
			}
		},
		"arr-diff": {
			"version": "2.0.0",
			"resolved": "https://registry.npmjs.org/arr-diff/-/arr-diff-2.0.0.tgz",
			"integrity": "sha1-jzuCf5Vai9ZpaX5KQlasPOrjVs8=",
			"requires": {
				"arr-flatten": "^1.0.1"
			}
		},
		"arr-flatten": {
			"version": "1.1.0",
			"resolved": "https://registry.npmjs.org/arr-flatten/-/arr-flatten-1.1.0.tgz",
			"integrity": "sha512-L3hKV5R/p5o81R7O02IGnwpDmkp6E982XhtbuwSe3O4qOtMMMtodicASA1Cny2U+aCXcNpml+m4dPsvsJ3jatg=="
		},
		"array-unique": {
			"version": "0.2.1",
			"resolved": "https://registry.npmjs.org/array-unique/-/array-unique-0.2.1.tgz",
			"integrity": "sha1-odl8yvy8JiXMcPrc6zalDFiwGlM="
		},
		"balanced-match": {
			"version": "1.0.0",
			"resolved": "https://registry.npmjs.org/balanced-match/-/balanced-match-1.0.0.tgz",
			"integrity": "sha1-ibTRmasr7kneFk6gK4nORi1xt2c=",
			"optional": true
		},
		"basichtml": {
			"version": "1.1.2",
			"resolved": "https://registry.npmjs.org/basichtml/-/basichtml-1.1.2.tgz",
			"integrity": "sha512-PQJdUewZEYFFN1S1Ll9Sgn685etlize38wP3En0qL3uOWmg2GNcNMFcNeJ8qNyVSCEqUEKVzzi7g6FAmlrhABQ==",
			"requires": {
				"@webreflection/interface": "^0.1.1",
				"broadcast": "^3.0.0",
				"canvas": "^2.5.0",
				"html-escaper": "^2.0.0",
				"htmlparser2": "^4.0.0"
			}
		},
		"brace-expansion": {
			"version": "1.1.11",
			"resolved": "https://registry.npmjs.org/brace-expansion/-/brace-expansion-1.1.11.tgz",
			"integrity": "sha512-iCuPHDFgrHX7H2vEI/5xpz07zSHB00TpugqhmYtVmMO6518mCuRMoOYFldEBl0g187ufozdaHgWKcYFb61qGiA==",
			"optional": true,
			"requires": {
				"balanced-match": "^1.0.0",
				"concat-map": "0.0.1"
			}
		},
		"braces": {
			"version": "1.8.5",
			"resolved": "https://registry.npmjs.org/braces/-/braces-1.8.5.tgz",
			"integrity": "sha1-uneWLhLf+WnWt2cR6RS3N4V79qc=",
			"requires": {
				"expand-range": "^1.8.1",
				"preserve": "^0.2.0",
				"repeat-element": "^1.1.2"
			}
		},
		"broadcast": {
			"version": "3.0.0",
			"resolved": "https://registry.npmjs.org/broadcast/-/broadcast-3.0.0.tgz",
			"integrity": "sha512-q//26zihgUvAtvSBRD1xtk/9KBVNfiUrS8Phz8dN95Y5mqINO/gFT6181b4Yvhoeal3Aa9+rsFnKzA6a6UTHfg=="
		},
		"callsites": {
			"version": "2.0.0",
			"resolved": "https://registry.npmjs.org/callsites/-/callsites-2.0.0.tgz",
			"integrity": "sha1-BuuE8A7qQT2oav/vrL/7Ngk7PFA="
		},
		"canvas": {
			"version": "2.6.1",
			"resolved": "https://registry.npmjs.org/canvas/-/canvas-2.6.1.tgz",
			"integrity": "sha512-S98rKsPcuhfTcYbtF53UIJhcbgIAK533d1kJKMwsMwAIFgfd58MOyxRud3kktlzWiEkFliaJtvyZCBtud/XVEA==",
			"optional": true,
			"requires": {
				"nan": "^2.14.0",
				"node-pre-gyp": "^0.11.0",
				"simple-get": "^3.0.3"
			}
		},
		"chalk": {
			"version": "2.4.2",
			"resolved": "https://registry.npmjs.org/chalk/-/chalk-2.4.2.tgz",
			"integrity": "sha512-Mti+f9lpJNcwF4tWV8/OrTTtF1gZi+f8FqlyAdouralcFWFQWF2+NgCHShjkCb+IFBLq9buZwE1xckQU4peSuQ==",
			"requires": {
				"ansi-styles": "^3.2.1",
				"escape-string-regexp": "^1.0.5",
				"supports-color": "^5.3.0"
			}
		},
		"chownr": {
			"version": "1.1.4",
			"resolved": "https://registry.npmjs.org/chownr/-/chownr-1.1.4.tgz",
			"integrity": "sha512-jJ0bqzaylmJtVnNgzTeSOs8DPavpbYgEr/b0YL8/2GO3xJEhInFmhKMUnEJQjZumK7KXGFhUy89PrsJWlakBVg==",
			"optional": true
		},
		"ci-info": {
			"version": "1.6.0",
			"resolved": "https://registry.npmjs.org/ci-info/-/ci-info-1.6.0.tgz",
			"integrity": "sha512-vsGdkwSCDpWmP80ncATX7iea5DWQemg1UgCW5J8tqjU3lYw4FBYuj89J0CTVomA7BEfvSZd84GmHko+MxFQU2A=="
		},
		"code-point-at": {
			"version": "1.1.0",
			"resolved": "https://registry.npmjs.org/code-point-at/-/code-point-at-1.1.0.tgz",
			"integrity": "sha1-DQcLTQQ6W+ozovGkDi7bPZpMz3c=",
			"optional": true
		},
		"color-convert": {
			"version": "1.9.3",
			"resolved": "https://registry.npmjs.org/color-convert/-/color-convert-1.9.3.tgz",
			"integrity": "sha512-QfAUtd+vFdAtFQcC8CCyYt1fYWxSqAiK2cSD6zDB8N3cpsEBAvRxp9zOGg6G/SHHJYAT88/az/IuDGALsNVbGg==",
			"requires": {
				"color-name": "1.1.3"
			}
		},
		"color-name": {
			"version": "1.1.3",
			"resolved": "https://registry.npmjs.org/color-name/-/color-name-1.1.3.tgz",
			"integrity": "sha1-p9BVi9icQveV3UIyj3QIMcpTvCU="
		},
		"concat-map": {
			"version": "0.0.1",
			"resolved": "https://registry.npmjs.org/concat-map/-/concat-map-0.0.1.tgz",
			"integrity": "sha1-2Klr13/Wjfd5OnMDajug1UBdR3s=",
			"optional": true
		},
		"console-control-strings": {
			"version": "1.1.0",
			"resolved": "https://registry.npmjs.org/console-control-strings/-/console-control-strings-1.1.0.tgz",
			"integrity": "sha1-PXz0Rk22RG6mRL9LOVB/mFEAjo4=",
			"optional": true
		},
		"core-util-is": {
			"version": "1.0.2",
			"resolved": "https://registry.npmjs.org/core-util-is/-/core-util-is-1.0.2.tgz",
			"integrity": "sha1-tf1UIgqivFq1eqtxQMlAdUUDwac=",
			"optional": true
		},
		"debug": {
			"version": "3.2.6",
			"resolved": "https://registry.npmjs.org/debug/-/debug-3.2.6.tgz",
			"integrity": "sha512-mel+jf7nrtEl5Pn1Qx46zARXKDpBbvzezse7p7LqINmdoIk8PYP5SySaxEmYv6TZ0JyEKA1hsCId6DIhgITtWQ==",
			"optional": true,
			"requires": {
				"ms": "^2.1.1"
			}
		},
		"decompress-response": {
			"version": "4.2.1",
			"resolved": "https://registry.npmjs.org/decompress-response/-/decompress-response-4.2.1.tgz",
			"integrity": "sha512-jOSne2qbyE+/r8G1VU+G/82LBs2Fs4LAsTiLSHOCOMZQl2OKZ6i8i4IyHemTe+/yIXOtTcRQMzPcgyhoFlqPkw==",
			"optional": true,
			"requires": {
				"mimic-response": "^2.0.0"
			}
		},
		"deep-extend": {
			"version": "0.6.0",
			"resolved": "https://registry.npmjs.org/deep-extend/-/deep-extend-0.6.0.tgz",
			"integrity": "sha512-LOHxIOaPYdHlJRtCQfDIVZtfw/ufM8+rVj649RIHzcm/vGwQRXFt6OPqIFWsm2XEMrNIEtWR64sY1LEKD2vAOA==",
			"optional": true
		},
		"delegates": {
			"version": "1.0.0",
			"resolved": "https://registry.npmjs.org/delegates/-/delegates-1.0.0.tgz",
			"integrity": "sha1-hMbhWbgZBP3KWaDvRM2HDTElD5o=",
			"optional": true
		},
		"detect-libc": {
			"version": "1.0.3",
			"resolved": "https://registry.npmjs.org/detect-libc/-/detect-libc-1.0.3.tgz",
			"integrity": "sha1-+hN8S9aY7fVc1c0CrFWfkaTEups=",
			"optional": true
		},
		"dom-serializer": {
			"version": "0.2.2",
			"resolved": "https://registry.npmjs.org/dom-serializer/-/dom-serializer-0.2.2.tgz",
			"integrity": "sha512-2/xPb3ORsQ42nHYiSunXkDjPLBaEj/xTwUO4B7XCZQTRk7EBtTOPaygh10YAAh2OI1Qrp6NWfpAhzswj0ydt9g==",
			"requires": {
				"domelementtype": "^2.0.1",
				"entities": "^2.0.0"
			}
		},
		"domelementtype": {
			"version": "2.0.1",
			"resolved": "https://registry.npmjs.org/domelementtype/-/domelementtype-2.0.1.tgz",
			"integrity": "sha512-5HOHUDsYZWV8FGWN0Njbr/Rn7f/eWSQi1v7+HsUVwXgn8nWWlL64zKDkS0n8ZmQ3mlWOMuXOnR+7Nx/5tMO5AQ=="
		},
		"domhandler": {
			"version": "3.0.0",
			"resolved": "https://registry.npmjs.org/domhandler/-/domhandler-3.0.0.tgz",
			"integrity": "sha512-eKLdI5v9m67kbXQbJSNn1zjh0SDzvzWVWtX+qEI3eMjZw8daH9k8rlj1FZY9memPwjiskQFbe7vHVVJIAqoEhw==",
			"requires": {
				"domelementtype": "^2.0.1"
			}
		},
		"domutils": {
			"version": "2.0.0",
			"resolved": "https://registry.npmjs.org/domutils/-/domutils-2.0.0.tgz",
			"integrity": "sha512-n5SelJ1axbO636c2yUtOGia/IcJtVtlhQbFiVDBZHKV5ReJO1ViX7sFEemtuyoAnBxk5meNSYgA8V4s0271efg==",
			"requires": {
				"dom-serializer": "^0.2.1",
				"domelementtype": "^2.0.1",
				"domhandler": "^3.0.0"
			}
		},
		"entities": {
			"version": "2.0.0",
			"resolved": "https://registry.npmjs.org/entities/-/entities-2.0.0.tgz",
			"integrity": "sha512-D9f7V0JSRwIxlRI2mjMqufDrRDnx8p+eEOz7aUM9SuvF8gsBzra0/6tbjl1m8eQHrZlYj6PxqE00hZ1SAIKPLw=="
		},
		"escape-string-regexp": {
			"version": "1.0.5",
			"resolved": "https://registry.npmjs.org/escape-string-regexp/-/escape-string-regexp-1.0.5.tgz",
			"integrity": "sha1-G2HAViGQqN/2rjuyzwIAyhMLhtQ="
		},
		"esutils": {
			"version": "2.0.3",
			"resolved": "https://registry.npmjs.org/esutils/-/esutils-2.0.3.tgz",
			"integrity": "sha512-kVscqXk4OCp68SZ0dkgEKVi6/8ij300KBWTJq32P/dYeWTSwK41WyTxalN1eRmA5Z9UU/LX9D7FWSmV9SAYx6g=="
		},
		"expand-brackets": {
			"version": "0.1.5",
			"resolved": "https://registry.npmjs.org/expand-brackets/-/expand-brackets-0.1.5.tgz",
			"integrity": "sha1-3wcoTjQqgHzXM6xa9yQR5YHRF3s=",
			"requires": {
				"is-posix-bracket": "^0.1.0"
			}
		},
		"expand-range": {
			"version": "1.8.2",
			"resolved": "https://registry.npmjs.org/expand-range/-/expand-range-1.8.2.tgz",
			"integrity": "sha1-opnv/TNf4nIeuujiV+x5ZE/IUzc=",
			"requires": {
				"fill-range": "^2.1.0"
			}
		},
		"extglob": {
			"version": "0.3.2",
			"resolved": "https://registry.npmjs.org/extglob/-/extglob-0.3.2.tgz",
			"integrity": "sha1-Lhj/PS9JqydlzskCPwEdqo2DSaE=",
			"requires": {
				"is-extglob": "^1.0.0"
			}
		},
		"filename-regex": {
			"version": "2.0.1",
			"resolved": "https://registry.npmjs.org/filename-regex/-/filename-regex-2.0.1.tgz",
			"integrity": "sha1-wcS5vuPglyXdsQa3XB4wH+LxiyY="
		},
		"fill-range": {
			"version": "2.2.4",
			"resolved": "https://registry.npmjs.org/fill-range/-/fill-range-2.2.4.tgz",
			"integrity": "sha512-cnrcCbj01+j2gTG921VZPnHbjmdAf8oQV/iGeV2kZxGSyfYjjTyY79ErsK1WJWMpw6DaApEX72binqJE+/d+5Q==",
			"requires": {
				"is-number": "^2.1.0",
				"isobject": "^2.0.0",
				"randomatic": "^3.0.0",
				"repeat-element": "^1.1.2",
				"repeat-string": "^1.5.2"
			}
		},
		"for-in": {
			"version": "1.0.2",
			"resolved": "https://registry.npmjs.org/for-in/-/for-in-1.0.2.tgz",
			"integrity": "sha1-gQaNKVqBQuwKxybG4iAMMPttXoA="
		},
		"for-own": {
			"version": "0.1.5",
			"resolved": "https://registry.npmjs.org/for-own/-/for-own-0.1.5.tgz",
			"integrity": "sha1-UmXGgaTylNq78XyVCbZ2OqhFEM4=",
			"requires": {
				"for-in": "^1.0.1"
			}
		},
		"fs-minipass": {
			"version": "1.2.7",
			"resolved": "https://registry.npmjs.org/fs-minipass/-/fs-minipass-1.2.7.tgz",
			"integrity": "sha512-GWSSJGFy4e9GUeCcbIkED+bgAoFyj7XF1mV8rma3QW4NIqX9Kyx79N/PF61H5udOV3aY1IaMLs6pGbH71nlCTA==",
			"optional": true,
			"requires": {
				"minipass": "^2.6.0"
			}
		},
		"fs.realpath": {
			"version": "1.0.0",
			"resolved": "https://registry.npmjs.org/fs.realpath/-/fs.realpath-1.0.0.tgz",
			"integrity": "sha1-FQStJSMVjKpA20onh8sBQRmU6k8=",
			"optional": true
		},
		"gauge": {
			"version": "2.7.4",
			"resolved": "https://registry.npmjs.org/gauge/-/gauge-2.7.4.tgz",
			"integrity": "sha1-LANAXHU4w51+s3sxcCLjJfsBi/c=",
			"optional": true,
			"requires": {
				"aproba": "^1.0.3",
				"console-control-strings": "^1.0.0",
				"has-unicode": "^2.0.0",
				"object-assign": "^4.1.0",
				"signal-exit": "^3.0.0",
				"string-width": "^1.0.1",
				"strip-ansi": "^3.0.1",
				"wide-align": "^1.1.0"
			}
		},
		"glob": {
			"version": "7.1.6",
			"resolved": "https://registry.npmjs.org/glob/-/glob-7.1.6.tgz",
			"integrity": "sha512-LwaxwyZ72Lk7vZINtNNrywX0ZuLyStrdDtabefZKAY5ZGJhVtgdznluResxNmPitE0SAO+O26sWTHeKSI2wMBA==",
			"optional": true,
			"requires": {
				"fs.realpath": "^1.0.0",
				"inflight": "^1.0.4",
				"inherits": "2",
				"minimatch": "^3.0.4",
				"once": "^1.3.0",
				"path-is-absolute": "^1.0.0"
			}
		},
		"glob-base": {
			"version": "0.3.0",
			"resolved": "https://registry.npmjs.org/glob-base/-/glob-base-0.3.0.tgz",
			"integrity": "sha1-27Fk9iIbHAscz4Kuoyi0l98Oo8Q=",
			"requires": {
				"glob-parent": "^2.0.0",
				"is-glob": "^2.0.0"
			}
		},
		"glob-parent": {
			"version": "2.0.0",
			"resolved": "https://registry.npmjs.org/glob-parent/-/glob-parent-2.0.0.tgz",
			"integrity": "sha1-gTg9ctsFT8zPUzbaqQLxgvbtuyg=",
			"requires": {
				"is-glob": "^2.0.0"
			}
		},
		"graceful-fs": {
			"version": "4.2.3",
			"resolved": "https://registry.npmjs.org/graceful-fs/-/graceful-fs-4.2.3.tgz",
			"integrity": "sha512-a30VEBm4PEdx1dRB7MFK7BejejvCvBronbLjht+sHuGYj8PHs7M/5Z+rt5lw551vZ7yfTCj4Vuyy3mSJytDWRQ=="
		},
		"has-flag": {
			"version": "3.0.0",
			"resolved": "https://registry.npmjs.org/has-flag/-/has-flag-3.0.0.tgz",
			"integrity": "sha1-tdRU3CGZriJWmfNGfloH87lVuv0="
		},
		"has-unicode": {
			"version": "2.0.1",
			"resolved": "https://registry.npmjs.org/has-unicode/-/has-unicode-2.0.1.tgz",
			"integrity": "sha1-4Ob+aijPUROIVeCG0Wkedx3iqLk=",
			"optional": true
		},
		"html-escaper": {
			"version": "2.0.0",
			"resolved": "https://registry.npmjs.org/html-escaper/-/html-escaper-2.0.0.tgz",
			"integrity": "sha512-a4u9BeERWGu/S8JiWEAQcdrg9v4QArtP9keViQjGMdff20fBdd8waotXaNmODqBe6uZ3Nafi7K/ho4gCQHV3Ig=="
		},
		"htmlparser2": {
			"version": "4.0.0",
			"resolved": "https://registry.npmjs.org/htmlparser2/-/htmlparser2-4.0.0.tgz",
			"integrity": "sha512-cChwXn5Vam57fyXajDtPXL1wTYc8JtLbr2TN76FYu05itVVVealxLowe2B3IEznJG4p9HAYn/0tJaRlGuEglFQ==",
			"requires": {
				"domelementtype": "^2.0.1",
				"domhandler": "^3.0.0",
				"domutils": "^2.0.0",
				"entities": "^2.0.0"
			}
		},
		"iconv-lite": {
			"version": "0.4.24",
			"resolved": "https://registry.npmjs.org/iconv-lite/-/iconv-lite-0.4.24.tgz",
			"integrity": "sha512-v3MXnZAcvnywkTUEZomIActle7RXXeedOR31wwl7VlyoXO4Qi9arvSenNQWne1TcRwhCL1HwLI21bEqdpj8/rA==",
			"optional": true,
			"requires": {
				"safer-buffer": ">= 2.1.2 < 3"
			}
		},
		"ignore-walk": {
			"version": "3.0.3",
			"resolved": "https://registry.npmjs.org/ignore-walk/-/ignore-walk-3.0.3.tgz",
			"integrity": "sha512-m7o6xuOaT1aqheYHKf8W6J5pYH85ZI9w077erOzLje3JsB1gkafkAhHHY19dqjulgIZHFm32Cp5uNZgcQqdJKw==",
			"optional": true,
			"requires": {
				"minimatch": "^3.0.4"
			}
		},
		"inflight": {
			"version": "1.0.6",
			"resolved": "https://registry.npmjs.org/inflight/-/inflight-1.0.6.tgz",
			"integrity": "sha1-Sb1jMdfQLQwJvJEKEHW6gWW1bfk=",
			"optional": true,
			"requires": {
				"once": "^1.3.0",
				"wrappy": "1"
			}
		},
		"inherits": {
			"version": "2.0.4",
			"resolved": "https://registry.npmjs.org/inherits/-/inherits-2.0.4.tgz",
			"integrity": "sha512-k/vGaX4/Yla3WzyMCvTQOXYeIHvqOKtnqBduzTHpzpQZzAskKMhZ2K+EnBiSM9zGSoIFeMpXKxa4dYeZIQqewQ==",
			"optional": true
		},
		"ini": {
			"version": "1.3.5",
			"resolved": "https://registry.npmjs.org/ini/-/ini-1.3.5.tgz",
			"integrity": "sha512-RZY5huIKCMRWDUqZlEi72f/lmXKMvuszcMBduliQ3nnWbx9X/ZBQO7DijMEYS9EhHBb2qacRUMtC7svLwe0lcw==",
			"optional": true
		},
		"is-buffer": {
			"version": "1.1.6",
			"resolved": "https://registry.npmjs.org/is-buffer/-/is-buffer-1.1.6.tgz",
			"integrity": "sha512-NcdALwpXkTm5Zvvbk7owOUSvVvBKDgKP5/ewfXEznmQFfs4ZRmanOeKBTjRVjka3QFoN6XJ+9F3USqfHqTaU5w=="
		},
		"is-ci": {
			"version": "1.2.1",
			"resolved": "https://registry.npmjs.org/is-ci/-/is-ci-1.2.1.tgz",
			"integrity": "sha512-s6tfsaQaQi3JNciBH6shVqEDvhGut0SUXr31ag8Pd8BBbVVlcGfWhpPmEOoM6RJ5TFhbypvf5yyRw/VXW1IiWg==",
			"requires": {
				"ci-info": "^1.5.0"
			}
		},
		"is-dotfile": {
			"version": "1.0.3",
			"resolved": "https://registry.npmjs.org/is-dotfile/-/is-dotfile-1.0.3.tgz",
			"integrity": "sha1-pqLzL/0t+wT1yiXs0Pa4PPeYoeE="
		},
		"is-equal-shallow": {
			"version": "0.1.3",
			"resolved": "https://registry.npmjs.org/is-equal-shallow/-/is-equal-shallow-0.1.3.tgz",
			"integrity": "sha1-IjgJj8Ih3gvPpdnqxMRdY4qhxTQ=",
			"requires": {
				"is-primitive": "^2.0.0"
			}
		},
		"is-extendable": {
			"version": "0.1.1",
			"resolved": "https://registry.npmjs.org/is-extendable/-/is-extendable-0.1.1.tgz",
			"integrity": "sha1-YrEQ4omkcUGOPsNqYX1HLjAd/Ik="
		},
		"is-extglob": {
			"version": "1.0.0",
			"resolved": "https://registry.npmjs.org/is-extglob/-/is-extglob-1.0.0.tgz",
			"integrity": "sha1-rEaBd8SUNAWgkvyPKXYMb/xiBsA="
		},
		"is-fullwidth-code-point": {
			"version": "1.0.0",
			"resolved": "https://registry.npmjs.org/is-fullwidth-code-point/-/is-fullwidth-code-point-1.0.0.tgz",
			"integrity": "sha1-754xOG8DGn8NZDr4L95QxFfvAMs=",
			"optional": true,
			"requires": {
				"number-is-nan": "^1.0.0"
			}
		},
		"is-glob": {
			"version": "2.0.1",
			"resolved": "https://registry.npmjs.org/is-glob/-/is-glob-2.0.1.tgz",
			"integrity": "sha1-0Jb5JqPe1WAPP9/ZEZjLCIjC2GM=",
			"requires": {
				"is-extglob": "^1.0.0"
			}
		},
		"is-number": {
			"version": "2.1.0",
			"resolved": "https://registry.npmjs.org/is-number/-/is-number-2.1.0.tgz",
			"integrity": "sha1-Afy7s5NGOlSPL0ZszhbezknbkI8=",
			"requires": {
				"kind-of": "^3.0.2"
			}
		},
		"is-posix-bracket": {
			"version": "0.1.1",
			"resolved": "https://registry.npmjs.org/is-posix-bracket/-/is-posix-bracket-0.1.1.tgz",
			"integrity": "sha1-MzTceXdDaOkvAW5vvAqI9c1ua8Q="
		},
		"is-primitive": {
			"version": "2.0.0",
			"resolved": "https://registry.npmjs.org/is-primitive/-/is-primitive-2.0.0.tgz",
			"integrity": "sha1-IHurkWOEmcB7Kt8kCkGochADRXU="
		},
		"isarray": {
			"version": "1.0.0",
			"resolved": "https://registry.npmjs.org/isarray/-/isarray-1.0.0.tgz",
			"integrity": "sha1-u5NdSFgsuhaMBoNJV6VKPgcSTxE="
		},
		"isobject": {
			"version": "2.1.0",
			"resolved": "https://registry.npmjs.org/isobject/-/isobject-2.1.0.tgz",
			"integrity": "sha1-8GVWEJaj8dou9GJy+BXIQNh+DIk=",
			"requires": {
				"isarray": "1.0.0"
			}
		},
		"jest-environment-node": {
			"version": "23.4.0",
			"resolved": "https://registry.npmjs.org/jest-environment-node/-/jest-environment-node-23.4.0.tgz",
			"integrity": "sha1-V+gO0IQd6jAxZ8zozXlSHeuv3hA=",
			"requires": {
				"jest-mock": "^23.2.0",
				"jest-util": "^23.4.0"
			}
		},
		"jest-message-util": {
			"version": "23.4.0",
			"resolved": "https://registry.npmjs.org/jest-message-util/-/jest-message-util-23.4.0.tgz",
			"integrity": "sha1-F2EMUJQjSVCNAaPR4L2iwHkIap8=",
			"requires": {
				"@babel/code-frame": "^7.0.0-beta.35",
				"chalk": "^2.0.1",
				"micromatch": "^2.3.11",
				"slash": "^1.0.0",
				"stack-utils": "^1.0.1"
			}
		},
		"jest-mock": {
			"version": "23.2.0",
			"resolved": "https://registry.npmjs.org/jest-mock/-/jest-mock-23.2.0.tgz",
			"integrity": "sha1-rRxg8p6HGdR8JuETgJi20YsmETQ="
		},
		"jest-util": {
			"version": "23.4.0",
			"resolved": "https://registry.npmjs.org/jest-util/-/jest-util-23.4.0.tgz",
			"integrity": "sha1-TQY8uSe68KI4Mf9hvsLLv0l5NWE=",
			"requires": {
				"callsites": "^2.0.0",
				"chalk": "^2.0.1",
				"graceful-fs": "^4.1.11",
				"is-ci": "^1.0.10",
				"jest-message-util": "^23.4.0",
				"mkdirp": "^0.5.1",
				"slash": "^1.0.0",
				"source-map": "^0.6.0"
			}
		},
		"js-tokens": {
			"version": "4.0.0",
			"resolved": "https://registry.npmjs.org/js-tokens/-/js-tokens-4.0.0.tgz",
			"integrity": "sha512-RdJUflcE3cUzKiMqQgsCu06FPu9UdIJO0beYbPhHN4k6apgJtifcoCtT9bcxOpYBtpD2kCM6Sbzg4CausW/PKQ=="
		},
		"kind-of": {
			"version": "3.2.2",
			"resolved": "https://registry.npmjs.org/kind-of/-/kind-of-3.2.2.tgz",
			"integrity": "sha1-MeohpzS6ubuw8yRm2JOupR5KPGQ=",
			"requires": {
				"is-buffer": "^1.1.5"
			}
		},
		"math-random": {
			"version": "1.0.4",
			"resolved": "https://registry.npmjs.org/math-random/-/math-random-1.0.4.tgz",
			"integrity": "sha512-rUxjysqif/BZQH2yhd5Aaq7vXMSx9NdEsQcyA07uEzIvxgI7zIr33gGsh+RU0/XjmQpCW7RsVof1vlkvQVCK5A=="
		},
		"micromatch": {
			"version": "2.3.11",
			"resolved": "https://registry.npmjs.org/micromatch/-/micromatch-2.3.11.tgz",
			"integrity": "sha1-hmd8l9FyCzY0MdBNDRUpO9OMFWU=",
			"requires": {
				"arr-diff": "^2.0.0",
				"array-unique": "^0.2.1",
				"braces": "^1.8.2",
				"expand-brackets": "^0.1.4",
				"extglob": "^0.3.1",
				"filename-regex": "^2.0.0",
				"is-extglob": "^1.0.0",
				"is-glob": "^2.0.1",
				"kind-of": "^3.0.2",
				"normalize-path": "^2.0.1",
				"object.omit": "^2.0.0",
				"parse-glob": "^3.0.4",
				"regex-cache": "^0.4.2"
			}
		},
		"mimic-response": {
			"version": "2.0.0",
			"resolved": "https://registry.npmjs.org/mimic-response/-/mimic-response-2.0.0.tgz",
			"integrity": "sha512-8ilDoEapqA4uQ3TwS0jakGONKXVJqpy+RpM+3b7pLdOjghCrEiGp9SRkFbUHAmZW9vdnrENWHjaweIoTIJExSQ==",
			"optional": true
		},
		"minimatch": {
			"version": "3.0.4",
			"resolved": "https://registry.npmjs.org/minimatch/-/minimatch-3.0.4.tgz",
			"integrity": "sha512-yJHVQEhyqPLUTgt9B83PXu6W3rx4MvvHvSUvToogpwoGDOUQ+yDrR0HRot+yOCdCO7u4hX3pWft6kWBBcqh0UA==",
			"optional": true,
			"requires": {
				"brace-expansion": "^1.1.7"
			}
		},
		"minimist": {
			"version": "0.0.8",
			"resolved": "https://registry.npmjs.org/minimist/-/minimist-0.0.8.tgz",
			"integrity": "sha1-hX/Kv8M5fSYluCKCYuhqp6ARsF0="
		},
		"minipass": {
			"version": "2.9.0",
			"resolved": "https://registry.npmjs.org/minipass/-/minipass-2.9.0.tgz",
			"integrity": "sha512-wxfUjg9WebH+CUDX/CdbRlh5SmfZiy/hpkxaRI16Y9W56Pa75sWgd/rvFilSgrauD9NyFymP/+JFV3KwzIsJeg==",
			"optional": true,
			"requires": {
				"safe-buffer": "^5.1.2",
				"yallist": "^3.0.0"
			}
		},
		"minizlib": {
			"version": "1.3.3",
			"resolved": "https://registry.npmjs.org/minizlib/-/minizlib-1.3.3.tgz",
			"integrity": "sha512-6ZYMOEnmVsdCeTJVE0W9ZD+pVnE8h9Hma/iOwwRDsdQoePpoX56/8B6z3P9VNwppJuBKNRuFDRNRqRWexT9G9Q==",
			"optional": true,
			"requires": {
				"minipass": "^2.9.0"
			}
		},
		"mkdirp": {
			"version": "0.5.1",
			"resolved": "https://registry.npmjs.org/mkdirp/-/mkdirp-0.5.1.tgz",
			"integrity": "sha1-MAV0OOrGz3+MR2fzhkjWaX11yQM=",
			"requires": {
				"minimist": "0.0.8"
			}
		},
		"ms": {
			"version": "2.1.2",
			"resolved": "https://registry.npmjs.org/ms/-/ms-2.1.2.tgz",
			"integrity": "sha512-sGkPx+VjMtmA6MX27oA4FBFELFCZZ4S4XqeGOXCv68tT+jb3vk/RyaKWP0PTKyWtmLSM0b+adUTEvbs1PEaH2w==",
			"optional": true
		},
		"nan": {
			"version": "2.14.0",
			"resolved": "https://registry.npmjs.org/nan/-/nan-2.14.0.tgz",
			"integrity": "sha512-INOFj37C7k3AfaNTtX8RhsTw7qRy7eLET14cROi9+5HAVbbHuIWUHEauBv5qT4Av2tWasiTY1Jw6puUNqRJXQg==",
			"optional": true
		},
		"needle": {
			"version": "2.3.2",
			"resolved": "https://registry.npmjs.org/needle/-/needle-2.3.2.tgz",
			"integrity": "sha512-DUzITvPVDUy6vczKKYTnWc/pBZ0EnjMJnQ3y+Jo5zfKFimJs7S3HFCxCRZYB9FUZcrzUQr3WsmvZgddMEIZv6w==",
			"optional": true,
			"requires": {
				"debug": "^3.2.6",
				"iconv-lite": "^0.4.4",
				"sax": "^1.2.4"
			}
		},
		"node-pre-gyp": {
			"version": "0.11.0",
			"resolved": "https://registry.npmjs.org/node-pre-gyp/-/node-pre-gyp-0.11.0.tgz",
			"integrity": "sha512-TwWAOZb0j7e9eGaf9esRx3ZcLaE5tQ2lvYy1pb5IAaG1a2e2Kv5Lms1Y4hpj+ciXJRofIxxlt5haeQ/2ANeE0Q==",
			"optional": true,
			"requires": {
				"detect-libc": "^1.0.2",
				"mkdirp": "^0.5.1",
				"needle": "^2.2.1",
				"nopt": "^4.0.1",
				"npm-packlist": "^1.1.6",
				"npmlog": "^4.0.2",
				"rc": "^1.2.7",
				"rimraf": "^2.6.1",
				"semver": "^5.3.0",
				"tar": "^4"
			}
		},
		"nopt": {
			"version": "4.0.1",
			"resolved": "https://registry.npmjs.org/nopt/-/nopt-4.0.1.tgz",
			"integrity": "sha1-0NRoWv1UFRk8jHUFYC0NF81kR00=",
			"optional": true,
			"requires": {
				"abbrev": "1",
				"osenv": "^0.1.4"
			}
		},
		"normalize-path": {
			"version": "2.1.1",
			"resolved": "https://registry.npmjs.org/normalize-path/-/normalize-path-2.1.1.tgz",
			"integrity": "sha1-GrKLVW4Zg2Oowab35vogE3/mrtk=",
			"requires": {
				"remove-trailing-separator": "^1.0.1"
			}
		},
		"npm-bundled": {
			"version": "1.1.1",
			"resolved": "https://registry.npmjs.org/npm-bundled/-/npm-bundled-1.1.1.tgz",
			"integrity": "sha512-gqkfgGePhTpAEgUsGEgcq1rqPXA+tv/aVBlgEzfXwA1yiUJF7xtEt3CtVwOjNYQOVknDk0F20w58Fnm3EtG0fA==",
			"optional": true,
			"requires": {
				"npm-normalize-package-bin": "^1.0.1"
			}
		},
		"npm-normalize-package-bin": {
			"version": "1.0.1",
			"resolved": "https://registry.npmjs.org/npm-normalize-package-bin/-/npm-normalize-package-bin-1.0.1.tgz",
			"integrity": "sha512-EPfafl6JL5/rU+ot6P3gRSCpPDW5VmIzX959Ob1+ySFUuuYHWHekXpwdUZcKP5C+DS4GEtdJluwBjnsNDl+fSA==",
			"optional": true
		},
		"npm-packlist": {
			"version": "1.4.8",
			"resolved": "https://registry.npmjs.org/npm-packlist/-/npm-packlist-1.4.8.tgz",
			"integrity": "sha512-5+AZgwru5IevF5ZdnFglB5wNlHG1AOOuw28WhUq8/8emhBmLv6jX5by4WJCh7lW0uSYZYS6DXqIsyZVIXRZU9A==",
			"optional": true,
			"requires": {
				"ignore-walk": "^3.0.1",
				"npm-bundled": "^1.0.1",
				"npm-normalize-package-bin": "^1.0.1"
			}
		},
		"npmlog": {
			"version": "4.1.2",
			"resolved": "https://registry.npmjs.org/npmlog/-/npmlog-4.1.2.tgz",
			"integrity": "sha512-2uUqazuKlTaSI/dC8AzicUck7+IrEaOnN/e0jd3Xtt1KcGpwx30v50mL7oPyr/h9bL3E4aZccVwpwP+5W9Vjkg==",
			"optional": true,
			"requires": {
				"are-we-there-yet": "~1.1.2",
				"console-control-strings": "~1.1.0",
				"gauge": "~2.7.3",
				"set-blocking": "~2.0.0"
			}
		},
		"number-is-nan": {
			"version": "1.0.1",
			"resolved": "https://registry.npmjs.org/number-is-nan/-/number-is-nan-1.0.1.tgz",
			"integrity": "sha1-CXtgK1NCKlIsGvuHkDGDNpQaAR0=",
			"optional": true
		},
		"object-assign": {
			"version": "4.1.1",
			"resolved": "https://registry.npmjs.org/object-assign/-/object-assign-4.1.1.tgz",
			"integrity": "sha1-IQmtx5ZYh8/AXLvUQsrIv7s2CGM=",
			"optional": true
		},
		"object.omit": {
			"version": "2.0.1",
			"resolved": "https://registry.npmjs.org/object.omit/-/object.omit-2.0.1.tgz",
			"integrity": "sha1-Gpx0SCnznbuFjHbKNXmuKlTr0fo=",
			"requires": {
				"for-own": "^0.1.4",
				"is-extendable": "^0.1.1"
			}
		},
		"once": {
			"version": "1.4.0",
			"resolved": "https://registry.npmjs.org/once/-/once-1.4.0.tgz",
			"integrity": "sha1-WDsap3WWHUsROsF9nFC6753Xa9E=",
			"optional": true,
			"requires": {
				"wrappy": "1"
			}
		},
		"os-homedir": {
			"version": "1.0.2",
			"resolved": "https://registry.npmjs.org/os-homedir/-/os-homedir-1.0.2.tgz",
			"integrity": "sha1-/7xJiDNuDoM94MFox+8VISGqf7M=",
			"optional": true
		},
		"os-tmpdir": {
			"version": "1.0.2",
			"resolved": "https://registry.npmjs.org/os-tmpdir/-/os-tmpdir-1.0.2.tgz",
			"integrity": "sha1-u+Z0BseaqFxc/sdm/lc0VV36EnQ=",
			"optional": true
		},
		"osenv": {
			"version": "0.1.5",
			"resolved": "https://registry.npmjs.org/osenv/-/osenv-0.1.5.tgz",
			"integrity": "sha512-0CWcCECdMVc2Rw3U5w9ZjqX6ga6ubk1xDVKxtBQPK7wis/0F2r9T6k4ydGYhecl7YUBxBVxhL5oisPsNxAPe2g==",
			"optional": true,
			"requires": {
				"os-homedir": "^1.0.0",
				"os-tmpdir": "^1.0.0"
			}
		},
		"parse-glob": {
			"version": "3.0.4",
			"resolved": "https://registry.npmjs.org/parse-glob/-/parse-glob-3.0.4.tgz",
			"integrity": "sha1-ssN2z7EfNVE7rdFz7wu246OIORw=",
			"requires": {
				"glob-base": "^0.3.0",
				"is-dotfile": "^1.0.0",
				"is-extglob": "^1.0.0",
				"is-glob": "^2.0.0"
			}
		},
		"path-is-absolute": {
			"version": "1.0.1",
			"resolved": "https://registry.npmjs.org/path-is-absolute/-/path-is-absolute-1.0.1.tgz",
			"integrity": "sha1-F0uSaHNVNP+8es5r9TpanhtcX18=",
			"optional": true
		},
		"preserve": {
			"version": "0.2.0",
			"resolved": "https://registry.npmjs.org/preserve/-/preserve-0.2.0.tgz",
			"integrity": "sha1-gV7R9uvGWSb4ZbMQwHE7yzMVzks="
		},
		"process-nextick-args": {
			"version": "2.0.1",
			"resolved": "https://registry.npmjs.org/process-nextick-args/-/process-nextick-args-2.0.1.tgz",
			"integrity": "sha512-3ouUOpQhtgrbOa17J7+uxOTpITYWaGP7/AhoR3+A+/1e9skrzelGi/dXzEYyvbxubEF6Wn2ypscTKiKJFFn1ag==",
			"optional": true
		},
		"randomatic": {
			"version": "3.1.1",
			"resolved": "https://registry.npmjs.org/randomatic/-/randomatic-3.1.1.tgz",
			"integrity": "sha512-TuDE5KxZ0J461RVjrJZCJc+J+zCkTb1MbH9AQUq68sMhOMcy9jLcb3BrZKgp9q9Ncltdg4QVqWrH02W2EFFVYw==",
			"requires": {
				"is-number": "^4.0.0",
				"kind-of": "^6.0.0",
				"math-random": "^1.0.1"
			},
			"dependencies": {
				"is-number": {
					"version": "4.0.0",
					"resolved": "https://registry.npmjs.org/is-number/-/is-number-4.0.0.tgz",
					"integrity": "sha512-rSklcAIlf1OmFdyAqbnWTLVelsQ58uvZ66S/ZyawjWqIviTWCjg2PzVGw8WUA+nNuPTqb4wgA+NszrJ+08LlgQ=="
				},
				"kind-of": {
					"version": "6.0.3",
					"resolved": "https://registry.npmjs.org/kind-of/-/kind-of-6.0.3.tgz",
					"integrity": "sha512-dcS1ul+9tmeD95T+x28/ehLgd9mENa3LsvDTtzm3vyBEO7RPptvAD+t44WVXaUjTBRcrpFeFlC8WCruUR456hw=="
				}
			}
		},
		"rc": {
			"version": "1.2.8",
			"resolved": "https://registry.npmjs.org/rc/-/rc-1.2.8.tgz",
			"integrity": "sha512-y3bGgqKj3QBdxLbLkomlohkvsA8gdAiUQlSBJnBhfn+BPxg4bc62d8TcBW15wavDfgexCgccckhcZvywyQYPOw==",
			"optional": true,
			"requires": {
				"deep-extend": "^0.6.0",
				"ini": "~1.3.0",
				"minimist": "^1.2.0",
				"strip-json-comments": "~2.0.1"
			},
			"dependencies": {
				"minimist": {
					"version": "1.2.0",
					"resolved": "https://registry.npmjs.org/minimist/-/minimist-1.2.0.tgz",
					"integrity": "sha1-o1AIsg9BOD7sH7kU9M1d95omQoQ=",
					"optional": true
				}
			}
		},
		"readable-stream": {
			"version": "2.3.7",
			"resolved": "https://registry.npmjs.org/readable-stream/-/readable-stream-2.3.7.tgz",
			"integrity": "sha512-Ebho8K4jIbHAxnuxi7o42OrZgF/ZTNcsZj6nRKyUmkhLFq8CHItp/fy6hQZuZmP/n3yZ9VBUbp4zz/mX8hmYPw==",
			"optional": true,
			"requires": {
				"core-util-is": "~1.0.0",
				"inherits": "~2.0.3",
				"isarray": "~1.0.0",
				"process-nextick-args": "~2.0.0",
				"safe-buffer": "~5.1.1",
				"string_decoder": "~1.1.1",
				"util-deprecate": "~1.0.1"
			}
		},
		"regex-cache": {
			"version": "0.4.4",
			"resolved": "https://registry.npmjs.org/regex-cache/-/regex-cache-0.4.4.tgz",
			"integrity": "sha512-nVIZwtCjkC9YgvWkpM55B5rBhBYRZhAaJbgcFYXXsHnbZ9UZI9nnVWYZpBlCqv9ho2eZryPnWrZGsOdPwVWXWQ==",
			"requires": {
				"is-equal-shallow": "^0.1.3"
			}
		},
		"remove-trailing-separator": {
			"version": "1.1.0",
			"resolved": "https://registry.npmjs.org/remove-trailing-separator/-/remove-trailing-separator-1.1.0.tgz",
			"integrity": "sha1-wkvOKig62tW8P1jg1IJJuSN52O8="
		},
		"repeat-element": {
			"version": "1.1.3",
			"resolved": "https://registry.npmjs.org/repeat-element/-/repeat-element-1.1.3.tgz",
			"integrity": "sha512-ahGq0ZnV5m5XtZLMb+vP76kcAM5nkLqk0lpqAuojSKGgQtn4eRi4ZZGm2olo2zKFH+sMsWaqOCW1dqAnOru72g=="
		},
		"repeat-string": {
			"version": "1.6.1",
			"resolved": "https://registry.npmjs.org/repeat-string/-/repeat-string-1.6.1.tgz",
			"integrity": "sha1-jcrkcOHIirwtYA//Sndihtp15jc="
		},
		"rimraf": {
			"version": "2.7.1",
			"resolved": "https://registry.npmjs.org/rimraf/-/rimraf-2.7.1.tgz",
			"integrity": "sha512-uWjbaKIK3T1OSVptzX7Nl6PvQ3qAGtKEtVRjRuazjfL3Bx5eI409VZSqgND+4UNnmzLVdPj9FqFJNPqBZFve4w==",
			"optional": true,
			"requires": {
				"glob": "^7.1.3"
			}
		},
		"safe-buffer": {
			"version": "5.1.2",
			"resolved": "https://registry.npmjs.org/safe-buffer/-/safe-buffer-5.1.2.tgz",
			"integrity": "sha512-Gd2UZBJDkXlY7GbJxfsE8/nvKkUEU1G38c1siN6QP6a9PT9MmHB8GnpscSmMJSoF8LOIrt8ud/wPtojys4G6+g==",
			"optional": true
		},
		"safer-buffer": {
			"version": "2.1.2",
			"resolved": "https://registry.npmjs.org/safer-buffer/-/safer-buffer-2.1.2.tgz",
			"integrity": "sha512-YZo3K82SD7Riyi0E1EQPojLz7kpepnSQI9IyPbHHg1XXXevb5dJI7tpyN2ADxGcQbHG7vcyRHk0cbwqcQriUtg==",
			"optional": true
		},
		"sax": {
			"version": "1.2.4",
			"resolved": "https://registry.npmjs.org/sax/-/sax-1.2.4.tgz",
			"integrity": "sha512-NqVDv9TpANUjFm0N8uM5GxL36UgKi9/atZw+x7YFnQ8ckwFGKrl4xX4yWtrey3UJm5nP1kUbnYgLopqWNSRhWw==",
			"optional": true
		},
		"semver": {
			"version": "5.7.1",
			"resolved": "https://registry.npmjs.org/semver/-/semver-5.7.1.tgz",
			"integrity": "sha512-sauaDf/PZdVgrLTNYHRtpXa1iRiKcaebiKQ1BJdpQlWH2lCvexQdX55snPFyK7QzpudqbCI0qXFfOasHdyNDGQ==",
			"optional": true
		},
		"set-blocking": {
			"version": "2.0.0",
			"resolved": "https://registry.npmjs.org/set-blocking/-/set-blocking-2.0.0.tgz",
			"integrity": "sha1-BF+XgtARrppoA93TgrJDkrPYkPc=",
			"optional": true
		},
		"signal-exit": {
			"version": "3.0.2",
			"resolved": "https://registry.npmjs.org/signal-exit/-/signal-exit-3.0.2.tgz",
			"integrity": "sha1-tf3AjxKH6hF4Yo5BXiUTK3NkbG0=",
			"optional": true
		},
		"simple-concat": {
			"version": "1.0.0",
			"resolved": "https://registry.npmjs.org/simple-concat/-/simple-concat-1.0.0.tgz",
			"integrity": "sha1-c0TLuLbib7J9ZrL8hvn21Zl1IcY=",
			"optional": true
		},
		"simple-get": {
			"version": "3.1.0",
			"resolved": "https://registry.npmjs.org/simple-get/-/simple-get-3.1.0.tgz",
			"integrity": "sha512-bCR6cP+aTdScaQCnQKbPKtJOKDp/hj9EDLJo3Nw4y1QksqaovlW/bnptB6/c1e+qmNIDHRK+oXFDdEqBT8WzUA==",
			"optional": true,
			"requires": {
				"decompress-response": "^4.2.0",
				"once": "^1.3.1",
				"simple-concat": "^1.0.0"
			}
		},
		"slash": {
			"version": "1.0.0",
			"resolved": "https://registry.npmjs.org/slash/-/slash-1.0.0.tgz",
			"integrity": "sha1-xB8vbDn8FtHNF61LXYlhFK5HDVU="
		},
		"source-map": {
			"version": "0.6.1",
			"resolved": "https://registry.npmjs.org/source-map/-/source-map-0.6.1.tgz",
			"integrity": "sha512-UjgapumWlbMhkBgzT7Ykc5YXUT46F0iKu8SGXq0bcwP5dz/h0Plj6enJqjz1Zbq2l5WaqYnrVbwWOWMyF3F47g=="
		},
		"stack-utils": {
			"version": "1.0.2",
			"resolved": "https://registry.npmjs.org/stack-utils/-/stack-utils-1.0.2.tgz",
			"integrity": "sha512-MTX+MeG5U994cazkjd/9KNAapsHnibjMLnfXodlkXw76JEea0UiNzrqidzo1emMwk7w5Qhc9jd4Bn9TBb1MFwA=="
		},
		"string-width": {
			"version": "1.0.2",
			"resolved": "https://registry.npmjs.org/string-width/-/string-width-1.0.2.tgz",
			"integrity": "sha1-EYvfW4zcUaKn5w0hHgfisLmxB9M=",
			"optional": true,
			"requires": {
				"code-point-at": "^1.0.0",
				"is-fullwidth-code-point": "^1.0.0",
				"strip-ansi": "^3.0.0"
			}
		},
		"string_decoder": {
			"version": "1.1.1",
			"resolved": "https://registry.npmjs.org/string_decoder/-/string_decoder-1.1.1.tgz",
			"integrity": "sha512-n/ShnvDi6FHbbVfviro+WojiFzv+s8MPMHBczVePfUpDJLwoLT0ht1l4YwBCbi8pJAveEEdnkHyPyTP/mzRfwg==",
			"optional": true,
			"requires": {
				"safe-buffer": "~5.1.0"
			}
		},
		"strip-ansi": {
			"version": "3.0.1",
			"resolved": "https://registry.npmjs.org/strip-ansi/-/strip-ansi-3.0.1.tgz",
			"integrity": "sha1-ajhfuIU9lS1f8F0Oiq+UJ43GPc8=",
			"optional": true,
			"requires": {
				"ansi-regex": "^2.0.0"
			}
		},
		"strip-json-comments": {
			"version": "2.0.1",
			"resolved": "https://registry.npmjs.org/strip-json-comments/-/strip-json-comments-2.0.1.tgz",
			"integrity": "sha1-PFMZQukIwml8DsNEhYwobHygpgo=",
			"optional": true
		},
		"supports-color": {
			"version": "5.5.0",
			"resolved": "https://registry.npmjs.org/supports-color/-/supports-color-5.5.0.tgz",
			"integrity": "sha512-QjVjwdXIt408MIiAqCX4oUKsgU2EqAGzs2Ppkm4aQYbjm+ZEWEcW4SfFNTr4uMNZma0ey4f5lgLrkB0aX0QMow==",
			"requires": {
				"has-flag": "^3.0.0"
			}
		},
		"tar": {
			"version": "4.4.13",
			"resolved": "https://registry.npmjs.org/tar/-/tar-4.4.13.tgz",
			"integrity": "sha512-w2VwSrBoHa5BsSyH+KxEqeQBAllHhccyMFVHtGtdMpF4W7IRWfZjFiQceJPChOeTsSDVUpER2T8FA93pr0L+QA==",
			"optional": true,
			"requires": {
				"chownr": "^1.1.1",
				"fs-minipass": "^1.2.5",
				"minipass": "^2.8.6",
				"minizlib": "^1.2.1",
				"mkdirp": "^0.5.0",
				"safe-buffer": "^5.1.2",
				"yallist": "^3.0.3"
			}
		},
		"util-deprecate": {
			"version": "1.0.2",
			"resolved": "https://registry.npmjs.org/util-deprecate/-/util-deprecate-1.0.2.tgz",
			"integrity": "sha1-RQ1Nyfpw3nMnYvvS1KKJgUGaDM8=",
			"optional": true
		},
		"wide-align": {
			"version": "1.1.3",
			"resolved": "https://registry.npmjs.org/wide-align/-/wide-align-1.1.3.tgz",
			"integrity": "sha512-QGkOQc8XL6Bt5PwnsExKBPuMKBxnGxWWW3fU55Xt4feHozMUhdUMaBCk290qpm/wG5u/RSKzwdAC4i51YigihA==",
			"optional": true,
			"requires": {
				"string-width": "^1.0.2 || 2"
			}
		},
		"wrappy": {
			"version": "1.0.2",
			"resolved": "https://registry.npmjs.org/wrappy/-/wrappy-1.0.2.tgz",
			"integrity": "sha1-tSQ9jz7BqjXxNkYFvA0QNuMKtp8=",
			"optional": true
		},
		"yallist": {
			"version": "3.1.1",
			"resolved": "https://registry.npmjs.org/yallist/-/yallist-3.1.1.tgz",
			"integrity": "sha512-a4UGQaWPH59mOXUYnAG2ewncQS4i4F43Tv3JoAM+s2VDAmS9NsK8GpDMLrCHPksFT7h3K6TOoUNn2pb7RoXx4g==",
			"optional": true
		}
	}
}
