{
	"name": "solid-ssr",
	"version": "0.16.14",
	"lockfileVersion": 1,
	"requires": true,
	"dependencies": {
		"core-util-is": {
			"version": "1.0.2",
			"resolved": "https://registry.npmjs.org/core-util-is/-/core-util-is-1.0.2.tgz",
			"integrity": "sha1-tf1UIgqivFq1eqtxQMlAdUUDwac="
		},
		"esutils": {
			"version": "2.0.3",
			"resolved": "https://registry.npmjs.org/esutils/-/esutils-2.0.3.tgz",
			"integrity": "sha512-kVscqXk4OCp68SZ0dkgEKVi6/8ij300KBWTJq32P/dYeWTSwK41WyTxalN1eRmA5Z9UU/LX9D7FWSmV9SAYx6g=="
		},
		"iconv-lite": {
			"version": "0.4.24",
			"resolved": "https://registry.npmjs.org/iconv-lite/-/iconv-lite-0.4.24.tgz",
			"integrity": "sha512-v3MXnZAcvnywkTUEZomIActle7RXXeedOR31wwl7VlyoXO4Qi9arvSenNQWne1TcRwhCL1HwLI21bEqdpj8/rA==",
			"requires": {
				"safer-buffer": ">= 2.1.2 < 3"
			}
		},
		"jsdom": {
			"version": "16.2.0",
			"resolved": "https://registry.npmjs.org/jsdom/-/jsdom-16.2.0.tgz",
			"integrity": "sha512-6VaW3UWyKbm9DFVIAgTfhuwnvqiqlRYNg5Rk6dINTVoZT0eKz+N86vQZr+nqt1ny1lSB1TWZJWSEWQAfu8oTpA==",
			"requires": {
				"abab": "^2.0.3",
				"acorn": "^7.1.0",
				"acorn-globals": "^4.3.4",
				"cssom": "^0.4.4",
				"cssstyle": "^2.2.0",
				"data-urls": "^2.0.0",
				"decimal.js": "^10.2.0",
				"domexception": "^2.0.1",
				"escodegen": "^1.13.0",
				"html-encoding-sniffer": "^2.0.0",
				"is-potential-custom-element-name": "^1.0.0",
				"nwsapi": "^2.2.0",
				"parse5": "5.1.1",
				"request": "^2.88.0",
				"request-promise-native": "^1.0.8",
				"saxes": "^4.0.2",
				"symbol-tree": "^3.2.4",
				"tough-cookie": "^3.0.1",
				"w3c-hr-time": "^1.0.1",
				"w3c-xmlserializer": "^2.0.0",
				"webidl-conversions": "^5.0.0",
				"whatwg-encoding": "^1.0.5",
				"whatwg-mimetype": "^2.3.0",
				"whatwg-url": "^8.0.0",
				"ws": "^7.2.1",
				"xml-name-validator": "^3.0.0"
			},
			"dependencies": {
				"abab": {
					"version": "2.0.3",
					"resolved": "https://registry.npmjs.org/abab/-/abab-2.0.3.tgz",
					"integrity": "sha512-tsFzPpcttalNjFBCFMqsKYQcWxxen1pgJR56by//QwvJc4/OUS3kPOOttx2tSIfjsylB0pYu7f5D3K1RCxUnUg=="
				},
				"acorn": {
					"version": "7.1.0",
					"resolved": "https://registry.npmjs.org/acorn/-/acorn-7.1.0.tgz",
					"integrity": "sha512-kL5CuoXA/dgxlBbVrflsflzQ3PAas7RYZB52NOm/6839iVYJgKMJ3cQJD+t2i5+qFa8h3MDpEOJiS64E8JLnSQ=="
				},
				"acorn-globals": {
					"version": "4.3.4",
					"resolved": "https://registry.npmjs.org/acorn-globals/-/acorn-globals-4.3.4.tgz",
					"integrity": "sha512-clfQEh21R+D0leSbUdWf3OcfqyaCSAQ8Ryq00bofSekfr9W8u1jyYZo6ir0xu9Gtcf7BjcHJpnbZH7JOCpP60A==",
					"requires": {
						"acorn": "^6.0.1",
						"acorn-walk": "^6.0.1"
					},
					"dependencies": {
						"acorn": {
							"version": "6.4.0",
							"resolved": "https://registry.npmjs.org/acorn/-/acorn-6.4.0.tgz",
							"integrity": "sha512-gac8OEcQ2Li1dxIEWGZzsp2BitJxwkwcOm0zHAJLcPJaVvm58FRnk6RkuLRpU1EujipU2ZFODv2P9DLMfnV8mw=="
						}
					}
				},
				"acorn-walk": {
					"version": "6.2.0",
					"resolved": "https://registry.npmjs.org/acorn-walk/-/acorn-walk-6.2.0.tgz",
					"integrity": "sha512-7evsyfH1cLOCdAzZAd43Cic04yKydNx0cF+7tiA19p1XnLLPU4dpCQOqpjqwokFe//vS0QqfqqjCS2JkiIs0cA=="
				},
				"ajv": {
					"version": "6.12.0",
					"resolved": "https://registry.npmjs.org/ajv/-/ajv-6.12.0.tgz",
					"integrity": "sha512-D6gFiFA0RRLyUbvijN74DWAjXSFxWKaWP7mldxkVhyhAV3+SWA9HEJPHQ2c9soIeTFJqcSdFDGFgdqs1iUU2Hw==",
					"requires": {
						"fast-deep-equal": "^3.1.1",
						"fast-json-stable-stringify": "^2.0.0",
						"json-schema-traverse": "^0.4.1",
						"uri-js": "^4.2.2"
					}
				},
				"asn1": {
					"version": "0.2.4",
					"resolved": "https://registry.npmjs.org/asn1/-/asn1-0.2.4.tgz",
					"integrity": "sha512-jxwzQpLQjSmWXgwaCZE9Nz+glAG01yF1QnWgbhGwHI5A6FRIEY6IVqtHhIepHqI7/kyEyQEagBC5mBEFlIYvdg==",
					"requires": {
						"safer-buffer": "~2.1.0"
					}
				},
				"assert-plus": {
					"version": "1.0.0",
					"resolved": "https://registry.npmjs.org/assert-plus/-/assert-plus-1.0.0.tgz",
					"integrity": "sha1-8S4PPF13sLHN2RRpQuTpbB5N1SU="
				},
				"asynckit": {
					"version": "0.4.0",
					"resolved": "https://registry.npmjs.org/asynckit/-/asynckit-0.4.0.tgz",
					"integrity": "sha1-x57Zf380y48robyXkLzDZkdLS3k="
				},
				"aws-sign2": {
					"version": "0.7.0",
					"resolved": "https://registry.npmjs.org/aws-sign2/-/aws-sign2-0.7.0.tgz",
					"integrity": "sha1-tG6JCTSpWR8tL2+G1+ap8bP+dqg="
				},
				"aws4": {
					"version": "1.9.1",
					"resolved": "https://registry.npmjs.org/aws4/-/aws4-1.9.1.tgz",
					"integrity": "sha512-wMHVg2EOHaMRxbzgFJ9gtjOOCrI80OHLG14rxi28XwOW8ux6IiEbRCGGGqCtdAIg4FQCbW20k9RsT4y3gJlFug=="
				},
				"bcrypt-pbkdf": {
					"version": "1.0.2",
					"resolved": "https://registry.npmjs.org/bcrypt-pbkdf/-/bcrypt-pbkdf-1.0.2.tgz",
					"integrity": "sha1-pDAdOJtqQ/m2f/PKEaP2Y342Dp4=",
					"requires": {
						"tweetnacl": "^0.14.3"
					}
				},
				"browser-process-hrtime": {
					"version": "0.1.3",
					"resolved": "https://registry.npmjs.org/browser-process-hrtime/-/browser-process-hrtime-0.1.3.tgz",
					"integrity": "sha512-bRFnI4NnjO6cnyLmOV/7PVoDEMJChlcfN0z4s1YMBY989/SvlfMI1lgCnkFUs53e9gQF+w7qu7XdllSTiSl8Aw=="
				},
				"caseless": {
					"version": "0.12.0",
					"resolved": "https://registry.npmjs.org/caseless/-/caseless-0.12.0.tgz",
					"integrity": "sha1-G2gcIf+EAzyCZUMJBolCDRhxUdw="
				},
				"combined-stream": {
					"version": "1.0.8",
					"resolved": "https://registry.npmjs.org/combined-stream/-/combined-stream-1.0.8.tgz",
					"integrity": "sha512-FQN4MRfuJeHf7cBbBMJFXhKSDq+2kAArBlmRBvcvFE5BB1HZKXtSFASDhdlz9zOYwxh8lDdnvmMOe/+5cdoEdg==",
					"requires": {
						"delayed-stream": "~1.0.0"
					}
				},
				"cssom": {
					"version": "0.4.4",
					"resolved": "https://registry.npmjs.org/cssom/-/cssom-0.4.4.tgz",
					"integrity": "sha512-p3pvU7r1MyyqbTk+WbNJIgJjG2VmTIaB10rI93LzVPrmDJKkzKYMtxxyAvQXR/NS6otuzveI7+7BBq3SjBS2mw=="
				},
				"cssstyle": {
					"version": "2.2.0",
					"resolved": "https://registry.npmjs.org/cssstyle/-/cssstyle-2.2.0.tgz",
					"integrity": "sha512-sEb3XFPx3jNnCAMtqrXPDeSgQr+jojtCeNf8cvMNMh1cG970+lljssvQDzPq6lmmJu2Vhqood/gtEomBiHOGnA==",
					"requires": {
						"cssom": "~0.3.6"
					},
					"dependencies": {
						"cssom": {
							"version": "0.3.8",
							"resolved": "https://registry.npmjs.org/cssom/-/cssom-0.3.8.tgz",
							"integrity": "sha512-b0tGHbfegbhPJpxpiBPU2sCkigAqtM9O121le6bbOlgyV+NyGyCmVfJ6QW9eRjz8CpNfWEOYBIMIGRYkLwsIYg=="
						}
					}
				},
				"dashdash": {
					"version": "1.14.1",
					"resolved": "https://registry.npmjs.org/dashdash/-/dashdash-1.14.1.tgz",
					"integrity": "sha1-hTz6D3y+L+1d4gMmuN1YEDX24vA=",
					"requires": {
						"assert-plus": "^1.0.0"
					}
				},
				"data-urls": {
					"version": "2.0.0",
					"resolved": "https://registry.npmjs.org/data-urls/-/data-urls-2.0.0.tgz",
					"integrity": "sha512-X5eWTSXO/BJmpdIKCRuKUgSCgAN0OwliVK3yPKbwIWU1Tdw5BRajxlzMidvh+gwko9AfQ9zIj52pzF91Q3YAvQ==",
					"requires": {
						"abab": "^2.0.3",
						"whatwg-mimetype": "^2.3.0",
						"whatwg-url": "^8.0.0"
					}
				},
				"decimal.js": {
					"version": "10.2.0",
					"resolved": "https://registry.npmjs.org/decimal.js/-/decimal.js-10.2.0.tgz",
					"integrity": "sha512-vDPw+rDgn3bZe1+F/pyEwb1oMG2XTlRVgAa6B4KccTEpYgF8w6eQllVbQcfIJnZyvzFtFpxnpGtx8dd7DJp/Rw=="
				},
				"deep-is": {
					"version": "0.1.3",
					"resolved": "https://registry.npmjs.org/deep-is/-/deep-is-0.1.3.tgz",
					"integrity": "sha1-s2nW+128E+7PUk+RsHD+7cNXzzQ="
				},
				"delayed-stream": {
					"version": "1.0.0",
					"resolved": "https://registry.npmjs.org/delayed-stream/-/delayed-stream-1.0.0.tgz",
					"integrity": "sha1-3zrhmayt+31ECqrgsp4icrJOxhk="
				},
				"domexception": {
					"version": "2.0.1",
					"resolved": "https://registry.npmjs.org/domexception/-/domexception-2.0.1.tgz",
					"integrity": "sha512-yxJ2mFy/sibVQlu5qHjOkf9J3K6zgmCxgJ94u2EdvDOV09H+32LtRswEcUsmUWN72pVLOEnTSRaIVVzVQgS0dg==",
					"requires": {
						"webidl-conversions": "^5.0.0"
					}
				},
				"ecc-jsbn": {
					"version": "0.1.2",
					"resolved": "https://registry.npmjs.org/ecc-jsbn/-/ecc-jsbn-0.1.2.tgz",
					"integrity": "sha1-OoOpBOVDUyh4dMVkt1SThoSamMk=",
					"requires": {
						"jsbn": "~0.1.0",
						"safer-buffer": "^2.1.0"
					}
				},
				"escodegen": {
					"version": "1.14.1",
					"resolved": "https://registry.npmjs.org/escodegen/-/escodegen-1.14.1.tgz",
					"integrity": "sha512-Bmt7NcRySdIfNPfU2ZoXDrrXsG9ZjvDxcAlMfDUgRBjLOWTuIACXPBFJH7Z+cLb40JeQco5toikyc9t9P8E9SQ==",
					"requires": {
						"esprima": "^4.0.1",
						"estraverse": "^4.2.0",
						"esutils": "^2.0.2",
						"optionator": "^0.8.1",
						"source-map": "~0.6.1"
					}
				},
				"esprima": {
					"version": "4.0.1",
					"resolved": "https://registry.npmjs.org/esprima/-/esprima-4.0.1.tgz",
					"integrity": "sha512-eGuFFw7Upda+g4p+QHvnW0RyTX/SVeJBDM/gCtMARO0cLuT2HcEKnTPvhjV6aGeqrCB/sbNop0Kszm0jsaWU4A=="
				},
				"estraverse": {
					"version": "4.3.0",
					"resolved": "https://registry.npmjs.org/estraverse/-/estraverse-4.3.0.tgz",
					"integrity": "sha512-39nnKffWz8xN1BU/2c79n9nB9HDzo0niYUqx6xyqUnyoAnQyyWpOTdZEeiCch8BBu515t4wp9ZmgVfVhn9EBpw=="
				},
				"extend": {
					"version": "3.0.2",
					"resolved": "https://registry.npmjs.org/extend/-/extend-3.0.2.tgz",
					"integrity": "sha512-fjquC59cD7CyW6urNXK0FBufkZcoiGG80wTuPujX590cB5Ttln20E2UB4S/WARVqhXffZl2LNgS+gQdPIIim/g=="
				},
				"extsprintf": {
					"version": "1.3.0",
					"resolved": "https://registry.npmjs.org/extsprintf/-/extsprintf-1.3.0.tgz",
					"integrity": "sha1-lpGEQOMEGnpBT4xS48V06zw+HgU="
				},
				"fast-deep-equal": {
					"version": "3.1.1",
					"resolved": "https://registry.npmjs.org/fast-deep-equal/-/fast-deep-equal-3.1.1.tgz",
					"integrity": "sha512-8UEa58QDLauDNfpbrX55Q9jrGHThw2ZMdOky5Gl1CDtVeJDPVrG4Jxx1N8jw2gkWaff5UUuX1KJd+9zGe2B+ZA=="
				},
				"fast-json-stable-stringify": {
					"version": "2.1.0",
					"resolved": "https://registry.npmjs.org/fast-json-stable-stringify/-/fast-json-stable-stringify-2.1.0.tgz",
					"integrity": "sha512-lhd/wF+Lk98HZoTCtlVraHtfh5XYijIjalXck7saUtuanSDyLMxnHhSXEDJqHxD7msR8D0uCmqlkwjCV8xvwHw=="
				},
				"fast-levenshtein": {
					"version": "2.0.6",
					"resolved": "https://registry.npmjs.org/fast-levenshtein/-/fast-levenshtein-2.0.6.tgz",
					"integrity": "sha1-PYpcZog6FqMMqGQ+hR8Zuqd5eRc="
				},
				"forever-agent": {
					"version": "0.6.1",
					"resolved": "https://registry.npmjs.org/forever-agent/-/forever-agent-0.6.1.tgz",
					"integrity": "sha1-+8cfDEGt6zf5bFd60e1C2P2sypE="
				},
				"form-data": {
					"version": "2.3.3",
					"resolved": "https://registry.npmjs.org/form-data/-/form-data-2.3.3.tgz",
					"integrity": "sha512-1lLKB2Mu3aGP1Q/2eCOx0fNbRMe7XdwktwOruhfqqd0rIJWwN4Dh+E3hrPSlDCXnSR7UtZ1N38rVXm+6+MEhJQ==",
					"requires": {
						"asynckit": "^0.4.0",
						"combined-stream": "^1.0.6",
						"mime-types": "^2.1.12"
					}
				},
				"getpass": {
					"version": "0.1.7",
					"resolved": "https://registry.npmjs.org/getpass/-/getpass-0.1.7.tgz",
					"integrity": "sha1-Xv+OPmhNVprkyysSgmBOi6YhSfo=",
					"requires": {
						"assert-plus": "^1.0.0"
					}
				},
				"har-schema": {
					"version": "2.0.0",
					"resolved": "https://registry.npmjs.org/har-schema/-/har-schema-2.0.0.tgz",
					"integrity": "sha1-qUwiJOvKwEeCoNkDVSHyRzW37JI="
				},
				"har-validator": {
					"version": "5.1.3",
					"resolved": "https://registry.npmjs.org/har-validator/-/har-validator-5.1.3.tgz",
					"integrity": "sha512-sNvOCzEQNr/qrvJgc3UG/kD4QtlHycrzwS+6mfTrrSq97BvaYcPZZI1ZSqGSPR73Cxn4LKTD4PttRwfU7jWq5g==",
					"requires": {
						"ajv": "^6.5.5",
						"har-schema": "^2.0.0"
					}
				},
				"html-encoding-sniffer": {
					"version": "2.0.1",
					"resolved": "https://registry.npmjs.org/html-encoding-sniffer/-/html-encoding-sniffer-2.0.1.tgz",
					"integrity": "sha512-D5JbOMBIR/TVZkubHT+OyT2705QvogUW4IBn6nHd756OwieSF9aDYFj4dv6HHEVGYbHaLETa3WggZYWWMyy3ZQ==",
					"requires": {
						"whatwg-encoding": "^1.0.5"
					}
				},
				"http-signature": {
					"version": "1.2.0",
					"resolved": "https://registry.npmjs.org/http-signature/-/http-signature-1.2.0.tgz",
					"integrity": "sha1-muzZJRFHcvPZW2WmCruPfBj7rOE=",
					"requires": {
						"assert-plus": "^1.0.0",
						"jsprim": "^1.2.2",
						"sshpk": "^1.7.0"
					}
				},
				"ip-regex": {
					"version": "2.1.0",
					"resolved": "https://registry.npmjs.org/ip-regex/-/ip-regex-2.1.0.tgz",
					"integrity": "sha1-+ni/XS5pE8kRzp+BnuUUa7bYROk="
				},
				"is-potential-custom-element-name": {
					"version": "1.0.0",
					"resolved": "https://registry.npmjs.org/is-potential-custom-element-name/-/is-potential-custom-element-name-1.0.0.tgz",
					"integrity": "sha1-DFLlS8yjkbssSUsh6GJtczbG45c="
				},
				"is-typedarray": {
					"version": "1.0.0",
					"resolved": "https://registry.npmjs.org/is-typedarray/-/is-typedarray-1.0.0.tgz",
					"integrity": "sha1-5HnICFjfDBsR3dppQPlgEfzaSpo="
				},
				"isstream": {
					"version": "0.1.2",
					"resolved": "https://registry.npmjs.org/isstream/-/isstream-0.1.2.tgz",
					"integrity": "sha1-R+Y/evVa+m+S4VAOaQ64uFKcCZo="
				},
				"jsbn": {
					"version": "0.1.1",
					"resolved": "https://registry.npmjs.org/jsbn/-/jsbn-0.1.1.tgz",
					"integrity": "sha1-peZUwuWi3rXyAdls77yoDA7y9RM="
				},
				"json-schema": {
					"version": "0.2.3",
					"resolved": "https://registry.npmjs.org/json-schema/-/json-schema-0.2.3.tgz",
					"integrity": "sha1-tIDIkuWaLwWVTOcnvT8qTogvnhM="
				},
				"json-schema-traverse": {
					"version": "0.4.1",
					"resolved": "https://registry.npmjs.org/json-schema-traverse/-/json-schema-traverse-0.4.1.tgz",
					"integrity": "sha512-xbbCH5dCYU5T8LcEhhuh7HJ88HXuW3qsI3Y0zOZFKfZEHcpWiHU/Jxzk629Brsab/mMiHQti9wMP+845RPe3Vg=="
				},
				"json-stringify-safe": {
					"version": "5.0.1",
					"resolved": "https://registry.npmjs.org/json-stringify-safe/-/json-stringify-safe-5.0.1.tgz",
					"integrity": "sha1-Epai1Y/UXxmg9s4B1lcB4sc1tus="
				},
				"jsprim": {
					"version": "1.4.1",
					"resolved": "https://registry.npmjs.org/jsprim/-/jsprim-1.4.1.tgz",
					"integrity": "sha1-MT5mvB5cwG5Di8G3SZwuXFastqI=",
					"requires": {
						"assert-plus": "1.0.0",
						"extsprintf": "1.3.0",
						"json-schema": "0.2.3",
						"verror": "1.10.0"
					}
				},
				"levn": {
					"version": "0.3.0",
					"resolved": "https://registry.npmjs.org/levn/-/levn-0.3.0.tgz",
					"integrity": "sha1-OwmSTt+fCDwEkP3UwLxEIeBHZO4=",
					"requires": {
						"prelude-ls": "~1.1.2",
						"type-check": "~0.3.2"
					}
				},
				"lodash": {
					"version": "4.17.15",
					"resolved": "https://registry.npmjs.org/lodash/-/lodash-4.17.15.tgz",
					"integrity": "sha512-8xOcRHvCjnocdS5cpwXQXVzmmh5e5+saE2QGoeQmbKmRS6J3VQppPOIt0MnmE+4xlZoumy0GPG0D0MVIQbNA1A=="
				},
				"lodash.sortby": {
					"version": "4.7.0",
					"resolved": "https://registry.npmjs.org/lodash.sortby/-/lodash.sortby-4.7.0.tgz",
					"integrity": "sha1-7dFMgk4sycHgsKG0K7UhBRakJDg="
				},
				"mime-db": {
					"version": "1.43.0",
					"resolved": "https://registry.npmjs.org/mime-db/-/mime-db-1.43.0.tgz",
					"integrity": "sha512-+5dsGEEovYbT8UY9yD7eE4XTc4UwJ1jBYlgaQQF38ENsKR3wj/8q8RFZrF9WIZpB2V1ArTVFUva8sAul1NzRzQ=="
				},
				"mime-types": {
					"version": "2.1.26",
					"resolved": "https://registry.npmjs.org/mime-types/-/mime-types-2.1.26.tgz",
					"integrity": "sha512-01paPWYgLrkqAyrlDorC1uDwl2p3qZT7yl806vW7DvDoxwXi46jsjFbg+WdwotBIk6/MbEhO/dh5aZ5sNj/dWQ==",
					"requires": {
						"mime-db": "1.43.0"
					}
				},
				"nwsapi": {
					"version": "2.2.0",
					"resolved": "https://registry.npmjs.org/nwsapi/-/nwsapi-2.2.0.tgz",
					"integrity": "sha512-h2AatdwYH+JHiZpv7pt/gSX1XoRGb7L/qSIeuqA6GwYoF9w1vP1cw42TO0aI2pNyshRK5893hNSl+1//vHK7hQ=="
				},
				"oauth-sign": {
					"version": "0.9.0",
					"resolved": "https://registry.npmjs.org/oauth-sign/-/oauth-sign-0.9.0.tgz",
					"integrity": "sha512-fexhUFFPTGV8ybAtSIGbV6gOkSv8UtRbDBnAyLQw4QPKkgNlsH2ByPGtMUqdWkos6YCRmAqViwgZrJc/mRDzZQ=="
				},
				"optionator": {
					"version": "0.8.3",
					"resolved": "https://registry.npmjs.org/optionator/-/optionator-0.8.3.tgz",
					"integrity": "sha512-+IW9pACdk3XWmmTXG8m3upGUJst5XRGzxMRjXzAuJ1XnIFNvfhjjIuYkDvysnPQ7qzqVzLt78BCruntqRhWQbA==",
					"requires": {
						"deep-is": "~0.1.3",
						"fast-levenshtein": "~2.0.6",
						"levn": "~0.3.0",
						"prelude-ls": "~1.1.2",
						"type-check": "~0.3.2",
						"word-wrap": "~1.2.3"
					}
				},
				"parse5": {
					"version": "5.1.1",
					"resolved": "https://registry.npmjs.org/parse5/-/parse5-5.1.1.tgz",
					"integrity": "sha512-ugq4DFI0Ptb+WWjAdOK16+u/nHfiIrcE+sh8kZMaM0WllQKLI9rOUq6c2b7cwPkXdzfQESqvoqK6ug7U/Yyzug=="
				},
				"performance-now": {
					"version": "2.1.0",
					"resolved": "https://registry.npmjs.org/performance-now/-/performance-now-2.1.0.tgz",
					"integrity": "sha1-Ywn04OX6kT7BxpMHrjZLSzd8nns="
				},
				"prelude-ls": {
					"version": "1.1.2",
					"resolved": "https://registry.npmjs.org/prelude-ls/-/prelude-ls-1.1.2.tgz",
					"integrity": "sha1-IZMqVJ9eUv/ZqCf1cOBL5iqX2lQ="
				},
				"psl": {
					"version": "1.7.0",
					"resolved": "https://registry.npmjs.org/psl/-/psl-1.7.0.tgz",
					"integrity": "sha512-5NsSEDv8zY70ScRnOTn7bK7eanl2MvFrOrS/R6x+dBt5g1ghnj9Zv90kO8GwT8gxcu2ANyFprnFYB85IogIJOQ=="
				},
				"punycode": {
					"version": "2.1.1",
					"resolved": "https://registry.npmjs.org/punycode/-/punycode-2.1.1.tgz",
					"integrity": "sha512-XRsRjdf+j5ml+y/6GKHPZbrF/8p2Yga0JPtdqTIY2Xe5ohJPD9saDJJLPvp9+NSBprVvevdXZybnj2cv8OEd0A=="
				},
				"qs": {
					"version": "6.5.2",
					"resolved": "https://registry.npmjs.org/qs/-/qs-6.5.2.tgz",
					"integrity": "sha512-N5ZAX4/LxJmF+7wN74pUD6qAh9/wnvdQcjq9TZjevvXzSUo7bfmw91saqMjzGS2xq91/odN2dW/WOl7qQHNDGA=="
				},
				"request": {
					"version": "2.88.2",
					"resolved": "https://registry.npmjs.org/request/-/request-2.88.2.tgz",
					"integrity": "sha512-MsvtOrfG9ZcrOwAW+Qi+F6HbD0CWXEh9ou77uOb7FM2WPhwT7smM833PzanhJLsgXjN89Ir6V2PczXNnMpwKhw==",
					"requires": {
						"aws-sign2": "~0.7.0",
						"aws4": "^1.8.0",
						"caseless": "~0.12.0",
						"combined-stream": "~1.0.6",
						"extend": "~3.0.2",
						"forever-agent": "~0.6.1",
						"form-data": "~2.3.2",
						"har-validator": "~5.1.3",
						"http-signature": "~1.2.0",
						"is-typedarray": "~1.0.0",
						"isstream": "~0.1.2",
						"json-stringify-safe": "~5.0.1",
						"mime-types": "~2.1.19",
						"oauth-sign": "~0.9.0",
						"performance-now": "^2.1.0",
						"qs": "~6.5.2",
						"safe-buffer": "^5.1.2",
						"tough-cookie": "~2.5.0",
						"tunnel-agent": "^0.6.0",
						"uuid": "^3.3.2"
					},
					"dependencies": {
						"tough-cookie": {
							"version": "2.5.0",
							"resolved": "https://registry.npmjs.org/tough-cookie/-/tough-cookie-2.5.0.tgz",
							"integrity": "sha512-nlLsUzgm1kfLXSXfRZMc1KLAugd4hqJHDTvc2hDIwS3mZAfMEuMbc03SujMF+GEcpaX/qboeycw6iO8JwVv2+g==",
							"requires": {
								"psl": "^1.1.28",
								"punycode": "^2.1.1"
							}
						}
					}
				},
				"request-promise-core": {
					"version": "1.1.3",
					"resolved": "https://registry.npmjs.org/request-promise-core/-/request-promise-core-1.1.3.tgz",
					"integrity": "sha512-QIs2+ArIGQVp5ZYbWD5ZLCY29D5CfWizP8eWnm8FoGD1TX61veauETVQbrV60662V0oFBkrDOuaBI8XgtuyYAQ==",
					"requires": {
						"lodash": "^4.17.15"
					}
				},
				"request-promise-native": {
					"version": "1.0.8",
					"resolved": "https://registry.npmjs.org/request-promise-native/-/request-promise-native-1.0.8.tgz",
					"integrity": "sha512-dapwLGqkHtwL5AEbfenuzjTYg35Jd6KPytsC2/TLkVMz8rm+tNt72MGUWT1RP/aYawMpN6HqbNGBQaRcBtjQMQ==",
					"requires": {
						"request-promise-core": "1.1.3",
						"stealthy-require": "^1.1.1",
						"tough-cookie": "^2.3.3"
					},
					"dependencies": {
						"tough-cookie": {
							"version": "2.5.0",
							"resolved": "https://registry.npmjs.org/tough-cookie/-/tough-cookie-2.5.0.tgz",
							"integrity": "sha512-nlLsUzgm1kfLXSXfRZMc1KLAugd4hqJHDTvc2hDIwS3mZAfMEuMbc03SujMF+GEcpaX/qboeycw6iO8JwVv2+g==",
							"requires": {
								"psl": "^1.1.28",
								"punycode": "^2.1.1"
							}
						}
					}
				},
				"saxes": {
					"version": "4.0.2",
					"resolved": "https://registry.npmjs.org/saxes/-/saxes-4.0.2.tgz",
					"integrity": "sha512-EZOTeQ4bgkOaGCDaTKux+LaRNcLNbdbvMH7R3/yjEEULPEmqvkFbFub6DJhJTub2iGMT93CfpZ5LTdKZmAbVeQ==",
					"requires": {
						"xmlchars": "^2.2.0"
					}
				},
				"sshpk": {
					"version": "1.16.1",
					"resolved": "https://registry.npmjs.org/sshpk/-/sshpk-1.16.1.tgz",
					"integrity": "sha512-HXXqVUq7+pcKeLqqZj6mHFUMvXtOJt1uoUx09pFW6011inTMxqI8BA8PM95myrIyyKwdnzjdFjLiE6KBPVtJIg==",
					"requires": {
						"asn1": "~0.2.3",
						"assert-plus": "^1.0.0",
						"bcrypt-pbkdf": "^1.0.0",
						"dashdash": "^1.12.0",
						"ecc-jsbn": "~0.1.1",
						"getpass": "^0.1.1",
						"jsbn": "~0.1.0",
						"safer-buffer": "^2.0.2",
						"tweetnacl": "~0.14.0"
					}
				},
				"stealthy-require": {
					"version": "1.1.1",
					"resolved": "https://registry.npmjs.org/stealthy-require/-/stealthy-require-1.1.1.tgz",
					"integrity": "sha1-NbCYdbT/SfJqd35QmzCQoyJr8ks="
				},
				"symbol-tree": {
					"version": "3.2.4",
					"resolved": "https://registry.npmjs.org/symbol-tree/-/symbol-tree-3.2.4.tgz",
					"integrity": "sha512-9QNk5KwDF+Bvz+PyObkmSYjI5ksVUYtjW7AU22r2NKcfLJcXp96hkDWU3+XndOsUb+AQ9QhfzfCT2O+CNWT5Tw=="
				},
				"tough-cookie": {
					"version": "3.0.1",
					"resolved": "https://registry.npmjs.org/tough-cookie/-/tough-cookie-3.0.1.tgz",
					"integrity": "sha512-yQyJ0u4pZsv9D4clxO69OEjLWYw+jbgspjTue4lTQZLfV0c5l1VmK2y1JK8E9ahdpltPOaAThPcp5nKPUgSnsg==",
					"requires": {
						"ip-regex": "^2.1.0",
						"psl": "^1.1.28",
						"punycode": "^2.1.1"
					}
				},
				"tr46": {
					"version": "2.0.2",
					"resolved": "https://registry.npmjs.org/tr46/-/tr46-2.0.2.tgz",
					"integrity": "sha512-3n1qG+/5kg+jrbTzwAykB5yRYtQCTqOGKq5U5PE3b0a1/mzo6snDhjGS0zJVJunO0NrT3Dg1MLy5TjWP/UJppg==",
					"requires": {
						"punycode": "^2.1.1"
					}
				},
				"tunnel-agent": {
					"version": "0.6.0",
					"resolved": "https://registry.npmjs.org/tunnel-agent/-/tunnel-agent-0.6.0.tgz",
					"integrity": "sha1-J6XeoGs2sEoKmWZ3SykIaPD8QP0=",
					"requires": {
						"safe-buffer": "^5.0.1"
					}
				},
				"tweetnacl": {
					"version": "0.14.5",
					"resolved": "https://registry.npmjs.org/tweetnacl/-/tweetnacl-0.14.5.tgz",
					"integrity": "sha1-WuaBd/GS1EViadEIr6k/+HQ/T2Q="
				},
				"type-check": {
					"version": "0.3.2",
					"resolved": "https://registry.npmjs.org/type-check/-/type-check-0.3.2.tgz",
					"integrity": "sha1-WITKtRLPHTVeP7eE8wgEsrUg23I=",
					"requires": {
						"prelude-ls": "~1.1.2"
					}
				},
				"uri-js": {
					"version": "4.2.2",
					"resolved": "https://registry.npmjs.org/uri-js/-/uri-js-4.2.2.tgz",
					"integrity": "sha512-KY9Frmirql91X2Qgjry0Wd4Y+YTdrdZheS8TFwvkbLWf/G5KNJDCh6pKL5OZctEW4+0Baa5idK2ZQuELRwPznQ==",
					"requires": {
						"punycode": "^2.1.0"
					}
				},
				"uuid": {
					"version": "3.4.0",
					"resolved": "https://registry.npmjs.org/uuid/-/uuid-3.4.0.tgz",
					"integrity": "sha512-HjSDRw6gZE5JMggctHBcjVak08+KEVhSIiDzFnT9S9aegmp85S/bReBVTb4QTFaRNptJ9kuYaNhnbNEOkbKb/A=="
				},
				"verror": {
					"version": "1.10.0",
					"resolved": "https://registry.npmjs.org/verror/-/verror-1.10.0.tgz",
					"integrity": "sha1-OhBcoXBTr1XW4nDB+CiGguGNpAA=",
					"requires": {
						"assert-plus": "^1.0.0",
						"core-util-is": "1.0.2",
						"extsprintf": "^1.2.0"
					}
				},
				"w3c-hr-time": {
					"version": "1.0.1",
					"resolved": "https://registry.npmjs.org/w3c-hr-time/-/w3c-hr-time-1.0.1.tgz",
					"integrity": "sha1-gqwr/2PZUOqeMYmlimViX+3xkEU=",
					"requires": {
						"browser-process-hrtime": "^0.1.2"
					}
				},
				"w3c-xmlserializer": {
					"version": "2.0.0",
					"resolved": "https://registry.npmjs.org/w3c-xmlserializer/-/w3c-xmlserializer-2.0.0.tgz",
					"integrity": "sha512-4tzD0mF8iSiMiNs30BiLO3EpfGLZUT2MSX/G+o7ZywDzliWQ3OPtTZ0PTC3B3ca1UAf4cJMHB+2Bf56EriJuRA==",
					"requires": {
						"xml-name-validator": "^3.0.0"
					}
				},
				"webidl-conversions": {
					"version": "5.0.0",
					"resolved": "https://registry.npmjs.org/webidl-conversions/-/webidl-conversions-5.0.0.tgz",
					"integrity": "sha512-VlZwKPCkYKxQgeSbH5EyngOmRp7Ww7I9rQLERETtf5ofd9pGeswWiOtogpEO850jziPRarreGxn5QIiTqpb2wA=="
				},
				"whatwg-encoding": {
					"version": "1.0.5",
					"resolved": "https://registry.npmjs.org/whatwg-encoding/-/whatwg-encoding-1.0.5.tgz",
					"integrity": "sha512-b5lim54JOPN9HtzvK9HFXvBma/rnfFeqsic0hSpjtDbVxR3dJKLc+KB4V6GgiGOvl7CY/KNh8rxSo9DKQrnUEw==",
					"requires": {
						"iconv-lite": "0.4.24"
					}
				},
				"whatwg-mimetype": {
					"version": "2.3.0",
					"resolved": "https://registry.npmjs.org/whatwg-mimetype/-/whatwg-mimetype-2.3.0.tgz",
					"integrity": "sha512-M4yMwr6mAnQz76TbJm914+gPpB/nCwvZbJU28cUD6dR004SAxDLOOSUaB1JDRqLtaOV/vi0IC5lEAGFgrjGv/g=="
				},
				"whatwg-url": {
					"version": "8.0.0",
					"resolved": "https://registry.npmjs.org/whatwg-url/-/whatwg-url-8.0.0.tgz",
					"integrity": "sha512-41ou2Dugpij8/LPO5Pq64K5q++MnRCBpEHvQr26/mArEKTkCV5aoXIqyhuYtE0pkqScXwhf2JP57rkRTYM29lQ==",
					"requires": {
						"lodash.sortby": "^4.7.0",
						"tr46": "^2.0.0",
						"webidl-conversions": "^5.0.0"
					}
				},
				"word-wrap": {
					"version": "1.2.3",
					"resolved": "https://registry.npmjs.org/word-wrap/-/word-wrap-1.2.3.tgz",
					"integrity": "sha512-Hz/mrNwitNRh/HUAtM/VT/5VH+ygD6DV7mYKZAtHOrbs8U7lvPS6xf7EJKMF0uW1KJCl0H701g3ZGus+muE5vQ=="
				},
				"ws": {
					"version": "7.2.1",
					"resolved": "https://registry.npmjs.org/ws/-/ws-7.2.1.tgz",
					"integrity": "sha512-sucePNSafamSKoOqoNfBd8V0StlkzJKL2ZAhGQinCfNQ+oacw+Pk7lcdAElecBF2VkLNZRiIb5Oi1Q5lVUVt2A=="
				},
				"xml-name-validator": {
					"version": "3.0.0",
					"resolved": "https://registry.npmjs.org/xml-name-validator/-/xml-name-validator-3.0.0.tgz",
					"integrity": "sha512-A5CUptxDsvxKJEU3yO6DuWBSJz/qizqzJKOMIfUJHETbBw/sFaDxgd6fxm1ewUaM0jZ444Fc5vC5ROYurg/4Pw=="
				},
				"xmlchars": {
					"version": "2.2.0",
					"resolved": "https://registry.npmjs.org/xmlchars/-/xmlchars-2.2.0.tgz",
					"integrity": "sha512-JZnDKK8B0RCDw84FNdDAIpZK+JuJw+s7Lz8nksI7SIuU3UXJJslUthsi+uWBUYOwPFwW7W7PRLRfUKpxjtjFCw=="
				}
			}
		},
		"safe-buffer": {
			"version": "5.1.2",
			"resolved": "https://registry.npmjs.org/safe-buffer/-/safe-buffer-5.1.2.tgz",
			"integrity": "sha512-Gd2UZBJDkXlY7GbJxfsE8/nvKkUEU1G38c1siN6QP6a9PT9MmHB8GnpscSmMJSoF8LOIrt8ud/wPtojys4G6+g=="
		},
		"safer-buffer": {
			"version": "2.1.2",
			"resolved": "https://registry.npmjs.org/safer-buffer/-/safer-buffer-2.1.2.tgz",
			"integrity": "sha512-YZo3K82SD7Riyi0E1EQPojLz7kpepnSQI9IyPbHHg1XXXevb5dJI7tpyN2ADxGcQbHG7vcyRHk0cbwqcQriUtg=="
		},
		"source-map": {
			"version": "0.6.1",
			"resolved": "https://registry.npmjs.org/source-map/-/source-map-0.6.1.tgz",
			"integrity": "sha512-UjgapumWlbMhkBgzT7Ykc5YXUT46F0iKu8SGXq0bcwP5dz/h0Plj6enJqjz1Zbq2l5WaqYnrVbwWOWMyF3F47g==",
			"optional": true
		}
	}
}
