{
	"name": "solid-ssr",
	"version": "1.4.3",
	"lockfileVersion": 2,
	"requires": true,
	"packages": {
		"": {
			"name": "solid-ssr",
			"version": "1.4.3",
			"license": "MIT",
			"devDependencies": {
				"rollup": "^2.62.0"
			}
		},
		"../babel-preset-solid": {
			"version": "1.4.2",
			"extraneous": true,
			"license": "MIT",
			"dependencies": {
				"babel-plugin-jsx-dom-expressions": "^0.33.7"
			}
		},
		"../solid": {
			"name": "solid-js",
			"version": "1.4.3",
			"extraneous": true,
			"license": "MIT"
		},
		"node_modules/rollup": {
			"version": "2.75.5",
			"resolved": "https://registry.npmjs.org/rollup/-/rollup-2.75.5.tgz",
			"integrity": "sha512-JzNlJZDison3o2mOxVmb44Oz7t74EfSd1SQrplQk0wSaXV7uLQXtVdHbxlcT3w+8tZ1TL4r/eLfc7nAbz38BBA==",
			"dev": true,
			"bin": {
				"rollup": "dist/bin/rollup"
			},
			"engines": {
				"node": ">=10.0.0"
			},
			"optionalDependencies": {
				"fsevents": "~2.3.2"
			}
		},
		"node_modules/rollup/node_modules/fsevents": {
			"version": "2.3.2",
			"resolved": "https://registry.npmjs.org/fsevents/-/fsevents-2.3.2.tgz",
			"integrity": "sha512-xiqMQR4xAeHTuB9uWm+fFRcIOgKBMiOBP+eXiyT7jsgVCq1bkVygt00oASowB7EdtpOHaaPgKt812P9ab+DDKA==",
			"dev": true,
			"hasInstallScript": true,
			"optional": true,
			"os": [
				"darwin"
			],
			"engines": {
				"node": "^8.16.0 || ^10.6.0 || >=11.0.0"
			}
		}
	},
	"dependencies": {
		"rollup": {
			"version": "2.75.5",
			"resolved": "https://registry.npmjs.org/rollup/-/rollup-2.75.5.tgz",
			"integrity": "sha512-JzNlJZDison3o2mOxVmb44Oz7t74EfSd1SQrplQk0wSaXV7uLQXtVdHbxlcT3w+8tZ1TL4r/eLfc7nAbz38BBA==",
			"dev": true,
			"requires": {
				"fsevents": "~2.3.2"
			},
			"dependencies": {
				"fsevents": {
					"version": "2.3.2",
					"resolved": "https://registry.npmjs.org/fsevents/-/fsevents-2.3.2.tgz",
					"integrity": "sha512-xiqMQR4xAeHTuB9uWm+fFRcIOgKBMiOBP+eXiyT7jsgVCq1bkVygt00oASowB7EdtpOHaaPgKt812P9ab+DDKA==",
					"dev": true,
					"optional": true
				}
			}
		}
	}
}
